// !$*UTF8*$!
{
	archiveVersion = 1;
	classes = {
	};
	objectVersion = 56;
	objects = {

/* Begin PBXBuildFile section */
		84F1B7192D50B6C9005975AC /* SampleApp.swift in Sources */ = {isa = PBXBuildFile; fileRef = 84F1B7182D50B6C9005975AC /* SampleApp.swift */; };
		84F1B71B2D50B6C9005975AC /* ContentView.swift in Sources */ = {isa = PBXBuildFile; fileRef = 84F1B71A2D50B6C9005975AC /* ContentView.swift */; };
		84F1B71D2D50B6CB005975AC /* Assets.xcassets in Resources */ = {isa = PBXBuildFile; fileRef = 84F1B71C2D50B6CB005975AC /* Assets.xcassets */; };
		84F1B7202D50B6CB005975AC /* Preview Assets.xcassets in Resources */ = {isa = PBXBuildFile; fileRef = 84F1B71F2D50B6CB005975AC /* Preview Assets.xcassets */; };
		84F1B72A2D50B6CB005975AC /* SampleTests.swift in Sources */ = {isa = PBXBuildFile; fileRef = 84F1B7292D50B6CB005975AC /* SampleTests.swift */; };
		84F1B7342D50B6CB005975AC /* SampleUITests.swift in Sources */ = {isa = PBXBuildFile; fileRef = 84F1B7332D50B6CB005975AC /* SampleUITests.swift */; };
		84F1B7362D50B6CB005975AC /* SampleUITestsLaunchTests.swift in Sources */ = {isa = PBXBuildFile; fileRef = 84F1B7352D50B6CB005975AC /* SampleUITestsLaunchTests.swift */; };
		84F1B7432D50B810005975AC /* PersistentController.swift in Sources */ = {isa = PBXBuildFile; fileRef = 84F1B7422D50B810005975AC /* PersistentController.swift */; };
		84F1B7462D50B8DD005975AC /* Sample.xcdatamodeld in Sources */ = {isa = PBXBuildFile; fileRef = 84F1B7442D50B8DD005975AC /* Sample.xcdatamodeld */; };
		84F1B7482D50C07D005975AC /* AddView.swift in Sources */ = {isa = PBXBuildFile; fileRef = 84F1B7472D50C07D005975AC /* AddView.swift */; };
		84F1B74A2D50C50D005975AC /* EditView.swift in Sources */ = {isa = PBXBuildFile; fileRef = 84F1B7492D50C50D005975AC /* EditView.swift */; };
/* End PBXBuildFile section */

/* Begin PBXContainerItemProxy section */
		84F1B7262D50B6CB005975AC /* PBXContainerItemProxy */ = {
			isa = PBXContainerItemProxy;
			containerPortal = 84F1B70D2D50B6C9005975AC /* Project object */;
			proxyType = 1;
			remoteGlobalIDString = 84F1B7142D50B6C9005975AC;
			remoteInfo = Sample;
		};
		84F1B7302D50B6CB005975AC /* PBXContainerItemProxy */ = {
			isa = PBXContainerItemProxy;
			containerPortal = 84F1B70D2D50B6C9005975AC /* Project object */;
			proxyType = 1;
			remoteGlobalIDString = 84F1B7142D50B6C9005975AC;
			remoteInfo = Sample;
		};
/* End PBXContainerItemProxy section */

/* Begin PBXFileReference section */
		84F1B7152D50B6C9005975AC /* Sample.app */ = {isa = PBXFileReference; explicitFileType = wrapper.application; includeInIndex = 0; path = Sample.app; sourceTree = BUILT_PRODUCTS_DIR; };
		84F1B7182D50B6C9005975AC /* SampleApp.swift */ = {isa = PBXFileReference; lastKnownFileType = sourcecode.swift; path = SampleApp.swift; sourceTree = "<group>"; };
		84F1B71A2D50B6C9005975AC /* ContentView.swift */ = {isa = PBXFileReference; lastKnownFileType = sourcecode.swift; path = ContentView.swift; sourceTree = "<group>"; };
		84F1B71C2D50B6CB005975AC /* Assets.xcassets */ = {isa = PBXFileReference; lastKnownFileType = folder.assetcatalog; path = Assets.xcassets; sourceTree = "<group>"; };
		84F1B71F2D50B6CB005975AC /* Preview Assets.xcassets */ = {isa = PBXFileReference; lastKnownFileType = folder.assetcatalog; path = "Preview Assets.xcassets"; sourceTree = "<group>"; };
		84F1B7252D50B6CB005975AC /* SampleTests.xctest */ = {isa = PBXFileReference; explicitFileType = wrapper.cfbundle; includeInIndex = 0; path = SampleTests.xctest; sourceTree = BUILT_PRODUCTS_DIR; };
		84F1B7292D50B6CB005975AC /* SampleTests.swift */ = {isa = PBXFileReference; lastKnownFileType = sourcecode.swift; path = SampleTests.swift; sourceTree = "<group>"; };
		84F1B72F2D50B6CB005975AC /* SampleUITests.xctest */ = {isa = PBXFileReference; explicitFileType = wrapper.cfbundle; includeInIndex = 0; path = SampleUITests.xctest; sourceTree = BUILT_PRODUCTS_DIR; };
		84F1B7332D50B6CB005975AC /* SampleUITests.swift */ = {isa = PBXFileReference; lastKnownFileType = sourcecode.swift; path = SampleUITests.swift; sourceTree = "<group>"; };
		84F1B7352D50B6CB005975AC /* SampleUITestsLaunchTests.swift */ = {isa = PBXFileReference; lastKnownFileType = sourcecode.swift; path = SampleUITestsLaunchTests.swift; sourceTree = "<group>"; };
		84F1B7422D50B810005975AC /* PersistentController.swift */ = {isa = PBXFileReference; lastKnownFileType = sourcecode.swift; path = PersistentController.swift; sourceTree = "<group>"; };
		84F1B7452D50B8DD005975AC /* Sample.xcdatamodel */ = {isa = PBXFileReference; lastKnownFileType = wrapper.xcdatamodel; path = Sample.xcdatamodel; sourceTree = "<group>"; };
		84F1B7472D50C07D005975AC /* AddView.swift */ = {isa = PBXFileReference; lastKnownFileType = sourcecode.swift; path = AddView.swift; sourceTree = "<group>"; };
		84F1B7492D50C50D005975AC /* EditView.swift */ = {isa = PBXFileReference; lastKnownFileType = sourcecode.swift; path = EditView.swift; sourceTree = "<group>"; };
/* End PBXFileReference section */

/* Begin PBXFrameworksBuildPhase section */
		84F1B7122D50B6C9005975AC /* Frameworks */ = {
			isa = PBXFrameworksBuildPhase;
			buildActionMask = 2147483647;
			files = (
			);
			runOnlyForDeploymentPostprocessing = 0;
		};
		84F1B7222D50B6CB005975AC /* Frameworks */ = {
			isa = PBXFrameworksBuildPhase;
			buildActionMask = 2147483647;
			files = (
			);
			runOnlyForDeploymentPostprocessing = 0;
		};
		84F1B72C2D50B6CB005975AC /* Frameworks */ = {
			isa = PBXFrameworksBuildPhase;
			buildActionMask = 2147483647;
			files = (
			);
			runOnlyForDeploymentPostprocessing = 0;
		};
/* End PBXFrameworksBuildPhase section */

/* Begin PBXGroup section */
		84F1B70C2D50B6C9005975AC = {
			isa = PBXGroup;
			children = (
				84F1B7172D50B6C9005975AC /* Sample */,
				84F1B7282D50B6CB005975AC /* SampleTests */,
				84F1B7322D50B6CB005975AC /* SampleUITests */,
				84F1B7162D50B6C9005975AC /* Products */,
			);
			sourceTree = "<group>";
		};
		84F1B7162D50B6C9005975AC /* Products */ = {
			isa = PBXGroup;
			children = (
				84F1B7152D50B6C9005975AC /* Sample.app */,
				84F1B7252D50B6CB005975AC /* SampleTests.xctest */,
				84F1B72F2D50B6CB005975AC /* SampleUITests.xctest */,
			);
			name = Products;
			sourceTree = "<group>";
		};
		84F1B7172D50B6C9005975AC /* Sample */ = {
			isa = PBXGroup;
			children = (
				84F1B7182D50B6C9005975AC /* SampleApp.swift */,
				84F1B7472D50C07D005975AC /* AddView.swift */,
				84F1B7492D50C50D005975AC /* EditView.swift */,
				84F1B7442D50B8DD005975AC /* Sample.xcdatamodeld */,
				84F1B7422D50B810005975AC /* PersistentController.swift */,
				84F1B71A2D50B6C9005975AC /* ContentView.swift */,
				84F1B71C2D50B6CB005975AC /* Assets.xcassets */,
				84F1B71E2D50B6CB005975AC /* Preview Content */,
			);
			path = Sample;
			sourceTree = "<group>";
		};
		84F1B71E2D50B6CB005975AC /* Preview Content */ = {
			isa = PBXGroup;
			children = (
				84F1B71F2D50B6CB005975AC /* Preview Assets.xcassets */,
			);
			path = "Preview Content";
			sourceTree = "<group>";
		};
		84F1B7282D50B6CB005975AC /* SampleTests */ = {
			isa = PBXGroup;
			children = (
				84F1B7292D50B6CB005975AC /* SampleTests.swift */,
			);
			path = SampleTests;
			sourceTree = "<group>";
		};
		84F1B7322D50B6CB005975AC /* SampleUITests */ = {
			isa = PBXGroup;
			children = (
				84F1B7332D50B6CB005975AC /* SampleUITests.swift */,
				84F1B7352D50B6CB005975AC /* SampleUITestsLaunchTests.swift */,
			);
			path = SampleUITests;
			sourceTree = "<group>";
		};
/* End PBXGroup section */

/* Begin PBXNativeTarget section */
		84F1B7142D50B6C9005975AC /* Sample */ = {
			isa = PBXNativeTarget;
			buildConfigurationList = 84F1B7392D50B6CB005975AC /* Build configuration list for PBXNativeTarget "Sample" */;
			buildPhases = (
				84F1B7112D50B6C9005975AC /* Sources */,
				84F1B7122D50B6C9005975AC /* Frameworks */,
				84F1B7132D50B6C9005975AC /* Resources */,
			);
			buildRules = (
			);
			dependencies = (
			);
			name = Sample;
			productName = Sample;
			productReference = 84F1B7152D50B6C9005975AC /* Sample.app */;
			productType = "com.apple.product-type.application";
		};
		84F1B7242D50B6CB005975AC /* SampleTests */ = {
			isa = PBXNativeTarget;
			buildConfigurationList = 84F1B73C2D50B6CB005975AC /* Build configuration list for PBXNativeTarget "SampleTests" */;
			buildPhases = (
				84F1B7212D50B6CB005975AC /* Sources */,
				84F1B7222D50B6CB005975AC /* Frameworks */,
				84F1B7232D50B6CB005975AC /* Resources */,
			);
			buildRules = (
			);
			dependencies = (
				84F1B7272D50B6CB005975AC /* PBXTargetDependency */,
			);
			name = SampleTests;
			productName = SampleTests;
			productReference = 84F1B7252D50B6CB005975AC /* SampleTests.xctest */;
			productType = "com.apple.product-type.bundle.unit-test";
		};
		84F1B72E2D50B6CB005975AC /* SampleUITests */ = {
			isa = PBXNativeTarget;
			buildConfigurationList = 84F1B73F2D50B6CB005975AC /* Build configuration list for PBXNativeTarget "SampleUITests" */;
			buildPhases = (
				84F1B72B2D50B6CB005975AC /* Sources */,
				84F1B72C2D50B6CB005975AC /* Frameworks */,
				84F1B72D2D50B6CB005975AC /* Resources */,
			);
			buildRules = (
			);
			dependencies = (
				84F1B7312D50B6CB005975AC /* PBXTargetDependency */,
			);
			name = SampleUITests;
			productName = SampleUITests;
			productReference = 84F1B72F2D50B6CB005975AC /* SampleUITests.xctest */;
			productType = "com.apple.product-type.bundle.ui-testing";
		};
/* End PBXNativeTarget section */

/* Begin PBXProject section */
		84F1B70D2D50B6C9005975AC /* Project object */ = {
			isa = PBXProject;
			attributes = {
				BuildIndependentTargetsInParallel = 1;
				LastSwiftUpdateCheck = 1400;
				LastUpgradeCheck = 1400;
				TargetAttributes = {
					84F1B7142D50B6C9005975AC = {
						CreatedOnToolsVersion = 14.0.1;
					};
					84F1B7242D50B6CB005975AC = {
						CreatedOnToolsVersion = 14.0.1;
						TestTargetID = 84F1B7142D50B6C9005975AC;
					};
					84F1B72E2D50B6CB005975AC = {
						CreatedOnToolsVersion = 14.0.1;
						TestTargetID = 84F1B7142D50B6C9005975AC;
					};
				};
			};
			buildConfigurationList = 84F1B7102D50B6C9005975AC /* Build configuration list for PBXProject "Sample" */;
			compatibilityVersion = "Xcode 14.0";
			developmentRegion = en;
			hasScannedForEncodings = 0;
			knownRegions = (
				en,
				Base,
			);
			mainGroup = 84F1B70C2D50B6C9005975AC;
			productRefGroup = 84F1B7162D50B6C9005975AC /* Products */;
			projectDirPath = "";
			projectRoot = "";
			targets = (
				84F1B7142D50B6C9005975AC /* Sample */,
				84F1B7242D50B6CB005975AC /* SampleTests */,
				84F1B72E2D50B6CB005975AC /* SampleUITests */,
			);
		};
/* End PBXProject section */

/* Begin PBXResourcesBuildPhase section */
		84F1B7132D50B6C9005975AC /* Resources */ = {
			isa = PBXResourcesBuildPhase;
			buildActionMask = 2147483647;
			files = (
				84F1B7202D50B6CB005975AC /* Preview Assets.xcassets in Resources */,
				84F1B71D2D50B6CB005975AC /* Assets.xcassets in Resources */,
			);
			runOnlyForDeploymentPostprocessing = 0;
		};
		84F1B7232D50B6CB005975AC /* Resources */ = {
			isa = PBXResourcesBuildPhase;
			buildActionMask = 2147483647;
			files = (
			);
			runOnlyForDeploymentPostprocessing = 0;
		};
		84F1B72D2D50B6CB005975AC /* Resources */ = {
			isa = PBXResourcesBuildPhase;
			buildActionMask = 2147483647;
			files = (
			);
			runOnlyForDeploymentPostprocessing = 0;
		};
/* End PBXResourcesBuildPhase section */

/* Begin PBXSourcesBuildPhase section */
		84F1B7112D50B6C9005975AC /* Sources */ = {
			isa = PBXSourcesBuildPhase;
			buildActionMask = 2147483647;
			files = (
				84F1B71B2D50B6C9005975AC /* ContentView.swift in Sources */,
				84F1B7462D50B8DD005975AC /* Sample.xcdatamodeld in Sources */,
				84F1B74A2D50C50D005975AC /* EditView.swift in Sources */,
				84F1B7482D50C07D005975AC /* AddView.swift in Sources */,
				84F1B7432D50B810005975AC /* PersistentController.swift in Sources */,
				84F1B7192D50B6C9005975AC /* SampleApp.swift in Sources */,
			);
			runOnlyForDeploymentPostprocessing = 0;
		};
		84F1B7212D50B6CB005975AC /* Sources */ = {
			isa = PBXSourcesBuildPhase;
			buildActionMask = 2147483647;
			files = (
				84F1B72A2D50B6CB005975AC /* SampleTests.swift in Sources */,
			);
			runOnlyForDeploymentPostprocessing = 0;
		};
		84F1B72B2D50B6CB005975AC /* Sources */ = {
			isa = PBXSourcesBuildPhase;
			buildActionMask = 2147483647;
			files = (
				84F1B7362D50B6CB005975AC /* SampleUITestsLaunchTests.swift in Sources */,
				84F1B7342D50B6CB005975AC /* SampleUITests.swift in Sources */,
			);
			runOnlyForDeploymentPostprocessing = 0;
		};
/* End PBXSourcesBuildPhase section */

/* Begin PBXTargetDependency section */
		84F1B7272D50B6CB005975AC /* PBXTargetDependency */ = {
			isa = PBXTargetDependency;
			target = 84F1B7142D50B6C9005975AC /* Sample */;
			targetProxy = 84F1B7262D50B6CB005975AC /* PBXContainerItemProxy */;
		};
		84F1B7312D50B6CB005975AC /* PBXTargetDependency */ = {
			isa = PBXTargetDependency;
			target = 84F1B7142D50B6C9005975AC /* Sample */;
			targetProxy = 84F1B7302D50B6CB005975AC /* PBXContainerItemProxy */;
		};
/* End PBXTargetDependency section */

/* Begin XCBuildConfiguration section */
		84F1B7372D50B6CB005975AC /* Debug */ = {
			isa = XCBuildConfiguration;
			buildSettings = {
				ALWAYS_SEARCH_USER_PATHS = NO;
				CLANG_ANALYZER_NONNULL = YES;
				CLANG_ANALYZER_NUMBER_OBJECT_CONVERSION = YES_AGGRESSIVE;
				CLANG_CXX_LANGUAGE_STANDARD = "gnu++20";
				CLANG_ENABLE_MODULES = YES;
				CLANG_ENABLE_OBJC_ARC = YES;
				CLANG_ENABLE_OBJC_WEAK = YES;
				CLANG_WARN_BLOCK_CAPTURE_AUTORELEASING = YES;
				CLANG_WARN_BOOL_CONVERSION = YES;
				CLANG_WARN_COMMA = YES;
				CLANG_WARN_CONSTANT_CONVERSION = YES;
				CLANG_WARN_DEPRECATED_OBJC_IMPLEMENTATIONS = YES;
				CLANG_WARN_DIRECT_OBJC_ISA_USAGE = YES_ERROR;
				CLANG_WARN_DOCUMENTATION_COMMENTS = YES;
				CLANG_WARN_EMPTY_BODY = YES;
				CLANG_WARN_ENUM_CONVERSION = YES;
				CLANG_WARN_INFINITE_RECURSION = YES;
				CLANG_WARN_INT_CONVERSION = YES;
				CLANG_WARN_NON_LITERAL_NULL_CONVERSION = YES;
				CLANG_WARN_OBJC_IMPLICIT_RETAIN_SELF = YES;
				CLANG_WARN_OBJC_LITERAL_CONVERSION = YES;
				CLANG_WARN_OBJC_ROOT_CLASS = YES_ERROR;
				CLANG_WARN_QUOTED_INCLUDE_IN_FRAMEWORK_HEADER = YES;
				CLANG_WARN_RANGE_LOOP_ANALYSIS = YES;
				CLANG_WARN_STRICT_PROTOTYPES = YES;
				CLANG_WARN_SUSPICIOUS_MOVE = YES;
				CLANG_WARN_UNGUARDED_AVAILABILITY = YES_AGGRESSIVE;
				CLANG_WARN_UNREACHABLE_CODE = YES;
				CLANG_WARN__DUPLICATE_METHOD_MATCH = YES;
				COPY_PHASE_STRIP = NO;
				DEBUG_INFORMATION_FORMAT = dwarf;
				ENABLE_STRICT_OBJC_MSGSEND = YES;
				ENABLE_TESTABILITY = YES;
				GCC_C_LANGUAGE_STANDARD = gnu11;
				GCC_DYNAMIC_NO_PIC = NO;
				GCC_NO_COMMON_BLOCKS = YES;
				GCC_OPTIMIZATION_LEVEL = 0;
				GCC_PREPROCESSOR_DEFINITIONS = (
					"DEBUG=1",
					"$(inherited)",
				);
				GCC_WARN_64_TO_32_BIT_CONVERSION = YES;
				GCC_WARN_ABOUT_RETURN_TYPE = YES_ERROR;
				GCC_WARN_UNDECLARED_SELECTOR = YES;
				GCC_WARN_UNINITIALIZED_AUTOS = YES_AGGRESSIVE;
				GCC_WARN_UNUSED_FUNCTION = YES;
				GCC_WARN_UNUSED_VARIABLE = YES;
				IPHONEOS_DEPLOYMENT_TARGET = 16.0;
				MTL_ENABLE_DEBUG_INFO = INCLUDE_SOURCE;
				MTL_FAST_MATH = YES;
				ONLY_ACTIVE_ARCH = YES;
				SDKROOT = iphoneos;
				SWIFT_ACTIVE_COMPILATION_CONDITIONS = DEBUG;
				SWIFT_OPTIMIZATION_LEVEL = "-Onone";
			};
			name = Debug;
		};
		84F1B7382D50B6CB005975AC /* Release */ = {
			isa = XCBuildConfiguration;
			buildSettings = {
				ALWAYS_SEARCH_USER_PATHS = NO;
				CLANG_ANALYZER_NONNULL = YES;
				CLANG_ANALYZER_NUMBER_OBJECT_CONVERSION = YES_AGGRESSIVE;
				CLANG_CXX_LANGUAGE_STANDARD = "gnu++20";
				CLANG_ENABLE_MODULES = YES;
				CLANG_ENABLE_OBJC_ARC = YES;
				CLANG_ENABLE_OBJC_WEAK = YES;
				CLANG_WARN_BLOCK_CAPTURE_AUTORELEASING = YES;
				CLANG_WARN_BOOL_CONVERSION = YES;
				CLANG_WARN_COMMA = YES;
				CLANG_WARN_CONSTANT_CONVERSION = YES;
				CLANG_WARN_DEPRECATED_OBJC_IMPLEMENTATIONS = YES;
				CLANG_WARN_DIRECT_OBJC_ISA_USAGE = YES_ERROR;
				CLANG_WARN_DOCUMENTATION_COMMENTS = YES;
				CLANG_WARN_EMPTY_BODY = YES;
				CLANG_WARN_ENUM_CONVERSION = YES;
				CLANG_WARN_INFINITE_RECURSION = YES;
				CLANG_WARN_INT_CONVERSION = YES;
				CLANG_WARN_NON_LITERAL_NULL_CONVERSION = YES;
				CLANG_WARN_OBJC_IMPLICIT_RETAIN_SELF = YES;
				CLANG_WARN_OBJC_LITERAL_CONVERSION = YES;
				CLANG_WARN_OBJC_ROOT_CLASS = YES_ERROR;
				CLANG_WARN_QUOTED_INCLUDE_IN_FRAMEWORK_HEADER = YES;
				CLANG_WARN_RANGE_LOOP_ANALYSIS = YES;
				CLANG_WARN_STRICT_PROTOTYPES = YES;
				CLANG_WARN_SUSPICIOUS_MOVE = YES;
				CLANG_WARN_UNGUARDED_AVAILABILITY = YES_AGGRESSIVE;
				CLANG_WARN_UNREACHABLE_CODE = YES;
				CLANG_WARN__DUPLICATE_METHOD_MATCH = YES;
				COPY_PHASE_STRIP = NO;
				DEBUG_INFORMATION_FORMAT = "dwarf-with-dsym";
				ENABLE_NS_ASSERTIONS = NO;
				ENABLE_STRICT_OBJC_MSGSEND = YES;
				GCC_C_LANGUAGE_STANDARD = gnu11;
				GCC_NO_COMMON_BLOCKS = YES;
				GCC_WARN_64_TO_32_BIT_CONVERSION = YES;
				GCC_WARN_ABOUT_RETURN_TYPE = YES_ERROR;
				GCC_WARN_UNDECLARED_SELECTOR = YES;
				GCC_WARN_UNINITIALIZED_AUTOS = YES_AGGRESSIVE;
				GCC_WARN_UNUSED_FUNCTION = YES;
				GCC_WARN_UNUSED_VARIABLE = YES;
				IPHONEOS_DEPLOYMENT_TARGET = 16.0;
				MTL_ENABLE_DEBUG_INFO = NO;
				MTL_FAST_MATH = YES;
				SDKROOT = iphoneos;
				SWIFT_COMPILATION_MODE = wholemodule;
				SWIFT_OPTIMIZATION_LEVEL = "-O";
				VALIDATE_PRODUCT = YES;
			};
			name = Release;
		};
		84F1B73A2D50B6CB005975AC /* Debug */ = {
			isa = XCBuildConfiguration;
			buildSettings = {
				ASSETCATALOG_COMPILER_APPICON_NAME = AppIcon;
				ASSETCATALOG_COMPILER_GLOBAL_ACCENT_COLOR_NAME = AccentColor;
				CODE_SIGN_STYLE = Automatic;
				CURRENT_PROJECT_VERSION = 1;
				DEVELOPMENT_ASSET_PATHS = "\"Sample/Preview Content\"";
				ENABLE_PREVIEWS = YES;
				GENERATE_INFOPLIST_FILE = YES;
				INFOPLIST_KEY_UIApplicationSceneManifest_Generation = YES;
				INFOPLIST_KEY_UIApplicationSupportsIndirectInputEvents = YES;
				INFOPLIST_KEY_UILaunchScreen_Generation = YES;
				INFOPLIST_KEY_UISupportedInterfaceOrientations_iPad = "UIInterfaceOrientationPortrait UIInterfaceOrientationPortraitUpsideDown UIInterfaceOrientationLandscapeLeft UIInterfaceOrientationLandscapeRight";
				INFOPLIST_KEY_UISupportedInterfaceOrientations_iPhone = "UIInterfaceOrientationPortrait UIInterfaceOrientationLandscapeLeft UIInterfaceOrientationLandscapeRight";
				LD_RUNPATH_SEARCH_PATHS = (
					"$(inherited)",
					"@executable_path/Frameworks",
				);
				MARKETING_VERSION = 1.0;
				PRODUCT_BUNDLE_IDENTIFIER = com.example.sampleapp.Sample;
				PRODUCT_NAME = "$(TARGET_NAME)";
				SWIFT_EMIT_LOC_STRINGS = YES;
				SWIFT_VERSION = 5.0;
				TARGETED_DEVICE_FAMILY = "1,2";
			};
			name = Debug;
		};
		84F1B73B2D50B6CB005975AC /* Release */ = {
			isa = XCBuildConfiguration;
			buildSettings = {
				ASSETCATALOG_COMPILER_APPICON_NAME = AppIcon;
				ASSETCATALOG_COMPILER_GLOBAL_ACCENT_COLOR_NAME = AccentColor;
				CODE_SIGN_STYLE = Automatic;
				CURRENT_PROJECT_VERSION = 1;
				DEVELOPMENT_ASSET_PATHS = "\"Sample/Preview Content\"";
				ENABLE_PREVIEWS = YES;
				GENERATE_INFOPLIST_FILE = YES;
				INFOPLIST_KEY_UIApplicationSceneManifest_Generation = YES;
				INFOPLIST_KEY_UIApplicationSupportsIndirectInputEvents = YES;
				INFOPLIST_KEY_UILaunchScreen_Generation = YES;
				INFOPLIST_KEY_UISupportedInterfaceOrientations_iPad = "UIInterfaceOrientationPortrait UIInterfaceOrientationPortraitUpsideDown UIInterfaceOrientationLandscapeLeft UIInterfaceOrientationLandscapeRight";
				INFOPLIST_KEY_UISupportedInterfaceOrientations_iPhone = "UIInterfaceOrientationPortrait UIInterfaceOrientationLandscapeLeft UIInterfaceOrientationLandscapeRight";
				LD_RUNPATH_SEARCH_PATHS = (
					"$(inherited)",
					"@executable_path/Frameworks",
				);
				MARKETING_VERSION = 1.0;
				PRODUCT_BUNDLE_IDENTIFIER = com.example.sampleapp.Sample;
				PRODUCT_NAME = "$(TARGET_NAME)";
				SWIFT_EMIT_LOC_STRINGS = YES;
				SWIFT_VERSION = 5.0;
				TARGETED_DEVICE_FAMILY = "1,2";
			};
			name = Release;
		};
		84F1B73D2D50B6CB005975AC /* Debug */ = {
			isa = XCBuildConfiguration;
			buildSettings = {
				ALWAYS_EMBED_SWIFT_STANDARD_LIBRARIES = YES;
				BUNDLE_LOADER = "$(TEST_HOST)";
				CODE_SIGN_STYLE = Automatic;
				CURRENT_PROJECT_VERSION = 1;
				GENERATE_INFOPLIST_FILE = YES;
				IPHONEOS_DEPLOYMENT_TARGET = 16.0;
				MARKETING_VERSION = 1.0;
				PRODUCT_BUNDLE_IDENTIFIER = com.example.sampleapp.SampleTests;
				PRODUCT_NAME = "$(TARGET_NAME)";
				SWIFT_EMIT_LOC_STRINGS = NO;
				SWIFT_VERSION = 5.0;
				TARGETED_DEVICE_FAMILY = "1,2";
				TEST_HOST = "$(BUILT_PRODUCTS_DIR)/Sample.app/$(BUNDLE_EXECUTABLE_FOLDER_PATH)/Sample";
			};
			name = Debug;
		};
		84F1B73E2D50B6CB005975AC /* Release */ = {
			isa = XCBuildConfiguration;
			buildSettings = {
				ALWAYS_EMBED_SWIFT_STANDARD_LIBRARIES = YES;
				BUNDLE_LOADER = "$(TEST_HOST)";
				CODE_SIGN_STYLE = Automatic;
				CURRENT_PROJECT_VERSION = 1;
				GENERATE_INFOPLIST_FILE = YES;
				IPHONEOS_DEPLOYMENT_TARGET = 16.0;
				MARKETING_VERSION = 1.0;
				PRODUCT_BUNDLE_IDENTIFIER = com.example.sampleapp.SampleTests;
				PRODUCT_NAME = "$(TARGET_NAME)";
				SWIFT_EMIT_LOC_STRINGS = NO;
				SWIFT_VERSION = 5.0;
				TARGETED_DEVICE_FAMILY = "1,2";
				TEST_HOST = "$(BUILT_PRODUCTS_DIR)/Sample.app/$(BUNDLE_EXECUTABLE_FOLDER_PATH)/Sample";
			};
			name = Release;
		};
		84F1B7402D50B6CB005975AC /* Debug */ = {
			isa = XCBuildConfiguration;
			buildSettings = {
				ALWAYS_EMBED_SWIFT_STANDARD_LIBRARIES = YES;
				CODE_SIGN_STYLE = Automatic;
				CURRENT_PROJECT_VERSION = 1;
				GENERATE_INFOPLIST_FILE = YES;
				MARKETING_VERSION = 1.0;
				PRODUCT_BUNDLE_IDENTIFIER = com.example.sampleapp.SampleUITests;
				PRODUCT_NAME = "$(TARGET_NAME)";
				SWIFT_EMIT_LOC_STRINGS = NO;
				SWIFT_VERSION = 5.0;
				TARGETED_DEVICE_FAMILY = "1,2";
				TEST_TARGET_NAME = Sample;
			};
			name = Debug;
		};
		84F1B7412D50B6CB005975AC /* Release */ = {
			isa = XCBuildConfiguration;
			buildSettings = {
				ALWAYS_EMBED_SWIFT_STANDARD_LIBRARIES = YES;
				CODE_SIGN_STYLE = Automatic;
				CURRENT_PROJECT_VERSION = 1;
				GENERATE_INFOPLIST_FILE = YES;
				MARKETING_VERSION = 1.0;
				PRODUCT_BUNDLE_IDENTIFIER = com.example.sampleapp.SampleUITests;
				PRODUCT_NAME = "$(TARGET_NAME)";
				SWIFT_EMIT_LOC_STRINGS = NO;
				SWIFT_VERSION = 5.0;
				TARGETED_DEVICE_FAMILY = "1,2";
				TEST_TARGET_NAME = Sample;
			};
			name = Release;
		};
/* End XCBuildConfiguration section */

/* Begin XCConfigurationList section */
		84F1B7102D50B6C9005975AC /* Build configuration list for PBXProject "Sample" */ = {
			isa = XCConfigurationList;
			buildConfigurations = (
				84F1B7372D50B6CB005975AC /* Debug */,
				84F1B7382D50B6CB005975AC /* Release */,
			);
			defaultConfigurationIsVisible = 0;
			defaultConfigurationName = Release;
		};
		84F1B7392D50B6CB005975AC /* Build configuration list for PBXNativeTarget "Sample" */ = {
			isa = XCConfigurationList;
			buildConfigurations = (
				84F1B73A2D50B6CB005975AC /* Debug */,
				84F1B73B2D50B6CB005975AC /* Release */,
			);
			defaultConfigurationIsVisible = 0;
			defaultConfigurationName = Release;
		};
		84F1B73C2D50B6CB005975AC /* Build configuration list for PBXNativeTarget "SampleTests" */ = {
			isa = XCConfigurationList;
			buildConfigurations = (
				84F1B73D2D50B6CB005975AC /* Debug */,
				84F1B73E2D50B6CB005975AC /* Release */,
			);
			defaultConfigurationIsVisible = 0;
			defaultConfigurationName = Release;
		};
		84F1B73F2D50B6CB005975AC /* Build configuration list for PBXNativeTarget "SampleUITests" */ = {
			isa = XCConfigurationList;
			buildConfigurations = (
				84F1B7402D50B6CB005975AC /* Debug */,
				84F1B7412D50B6CB005975AC /* Release */,
			);
			defaultConfigurationIsVisible = 0;
			defaultConfigurationName = Release;
		};
/* End XCConfigurationList section */

/* Begin XCVersionGroup section */
		84F1B7442D50B8DD005975AC /* Sample.xcdatamodeld */ = {
			isa = XCVersionGroup;
			children = (
				84F1B7452D50B8DD005975AC /* Sample.xcdatamodel */,
			);
			currentVersion = 84F1B7452D50B8DD005975AC /* Sample.xcdatamodel */;
			path = Sample.xcdatamodeld;
			sourceTree = "<group>";
			versionGroupType = wrapper.xcdatamodel;
		};
/* End XCVersionGroup section */
	};
	rootObject = 84F1B70D2D50B6C9005975AC /* Project object */;
}
