// !$*UTF8*$!
{
	archiveVersion = 1;
	classes = {
	};
	objectVersion = 56;
	objects = {

/* Begin PBXBuildFile section */
		847E976A2D521E3900F0BD59 /* WorkoutListView.swift in Sources */ = {isa = PBXBuildFile; fileRef = 847E97692D521E3900F0BD59 /* WorkoutListView.swift */; };
		847E976C2D52225B00F0BD59 /* AddWorkoutView.swift in Sources */ = {isa = PBXBuildFile; fileRef = 847E976B2D52225B00F0BD59 /* AddWorkoutView.swift */; };
		847E976E2D52253A00F0BD59 /* EditWorkoutView.swift in Sources */ = {isa = PBXBuildFile; fileRef = 847E976D2D52253A00F0BD59 /* EditWorkoutView.swift */; };
		84F1B7582D50E6C9005975AC /* MilestoneApp.swift in Sources */ = {isa = PBXBuildFile; fileRef = 84F1B7572D50E6C9005975AC /* MilestoneApp.swift */; };
		84F1B75C2D50E6CB005975AC /* Assets.xcassets in Resources */ = {isa = PBXBuildFile; fileRef = 84F1B75B2D50E6CB005975AC /* Assets.xcassets */; };
		84F1B75F2D50E6CB005975AC /* Preview Assets.xcassets in Resources */ = {isa = PBXBuildFile; fileRef = 84F1B75E2D50E6CB005975AC /* Preview Assets.xcassets */; };
		84F1B7692D50E6CB005975AC /* MilestoneTests.swift in Sources */ = {isa = PBXBuildFile; fileRef = 84F1B7682D50E6CB005975AC /* MilestoneTests.swift */; };
		84F1B7732D50E6CB005975AC /* MilestoneUITests.swift in Sources */ = {isa = PBXBuildFile; fileRef = 84F1B7722D50E6CB005975AC /* MilestoneUITests.swift */; };
		84F1B7752D50E6CB005975AC /* MilestoneUITestsLaunchTests.swift in Sources */ = {isa = PBXBuildFile; fileRef = 84F1B7742D50E6CB005975AC /* MilestoneUITestsLaunchTests.swift */; };
		84F1B7822D50E70C005975AC /* PersistentController.swift in Sources */ = {isa = PBXBuildFile; fileRef = 84F1B7812D50E70C005975AC /* PersistentController.swift */; };
		84F1B7852D50E738005975AC /* Milestone.xcdatamodeld in Sources */ = {isa = PBXBuildFile; fileRef = 84F1B7832D50E738005975AC /* Milestone.xcdatamodeld */; };
/* End PBXBuildFile section */

/* Begin PBXContainerItemProxy section */
		84F1B7652D50E6CB005975AC /* PBXContainerItemProxy */ = {
			isa = PBXContainerItemProxy;
			containerPortal = 84F1B74C2D50E6C9005975AC /* Project object */;
			proxyType = 1;
			remoteGlobalIDString = 84F1B7532D50E6C9005975AC;
			remoteInfo = Milestone;
		};
		84F1B76F2D50E6CB005975AC /* PBXContainerItemProxy */ = {
			isa = PBXContainerItemProxy;
			containerPortal = 84F1B74C2D50E6C9005975AC /* Project object */;
			proxyType = 1;
			remoteGlobalIDString = 84F1B7532D50E6C9005975AC;
			remoteInfo = Milestone;
		};
/* End PBXContainerItemProxy section */

/* Begin PBXFileReference section */
		847E97692D521E3900F0BD59 /* WorkoutListView.swift */ = {isa = PBXFileReference; lastKnownFileType = sourcecode.swift; path = WorkoutListView.swift; sourceTree = "<group>"; };
		847E976B2D52225B00F0BD59 /* AddWorkoutView.swift */ = {isa = PBXFileReference; lastKnownFileType = sourcecode.swift; path = AddWorkoutView.swift; sourceTree = "<group>"; };
		847E976D2D52253A00F0BD59 /* EditWorkoutView.swift */ = {isa = PBXFileReference; lastKnownFileType = sourcecode.swift; path = EditWorkoutView.swift; sourceTree = "<group>"; };
		84F1B7542D50E6C9005975AC /* Milestone.app */ = {isa = PBXFileReference; explicitFileType = wrapper.application; includeInIndex = 0; path = Milestone.app; sourceTree = BUILT_PRODUCTS_DIR; };
		84F1B7572D50E6C9005975AC /* MilestoneApp.swift */ = {isa = PBXFileReference; lastKnownFileType = sourcecode.swift; path = MilestoneApp.swift; sourceTree = "<group>"; };
		84F1B75B2D50E6CB005975AC /* Assets.xcassets */ = {isa = PBXFileReference; lastKnownFileType = folder.assetcatalog; path = Assets.xcassets; sourceTree = "<group>"; };
		84F1B75E2D50E6CB005975AC /* Preview Assets.xcassets */ = {isa = PBXFileReference; lastKnownFileType = folder.assetcatalog; path = "Preview Assets.xcassets"; sourceTree = "<group>"; };
		84F1B7642D50E6CB005975AC /* MilestoneTests.xctest */ = {isa = PBXFileReference; explicitFileType = wrapper.cfbundle; includeInIndex = 0; path = MilestoneTests.xctest; sourceTree = BUILT_PRODUCTS_DIR; };
		84F1B7682D50E6CB005975AC /* MilestoneTests.swift */ = {isa = PBXFileReference; lastKnownFileType = sourcecode.swift; path = MilestoneTests.swift; sourceTree = "<group>"; };
		84F1B76E2D50E6CB005975AC /* MilestoneUITests.xctest */ = {isa = PBXFileReference; explicitFileType = wrapper.cfbundle; includeInIndex = 0; path = MilestoneUITests.xctest; sourceTree = BUILT_PRODUCTS_DIR; };
		84F1B7722D50E6CB005975AC /* MilestoneUITests.swift */ = {isa = PBXFileReference; lastKnownFileType = sourcecode.swift; path = MilestoneUITests.swift; sourceTree = "<group>"; };
		84F1B7742D50E6CB005975AC /* MilestoneUITestsLaunchTests.swift */ = {isa = PBXFileReference; lastKnownFileType = sourcecode.swift; path = MilestoneUITestsLaunchTests.swift; sourceTree = "<group>"; };
		84F1B7812D50E70C005975AC /* PersistentController.swift */ = {isa = PBXFileReference; lastKnownFileType = sourcecode.swift; path = PersistentController.swift; sourceTree = "<group>"; };
		84F1B7842D50E738005975AC /* Milestone.xcdatamodel */ = {isa = PBXFileReference; lastKnownFileType = wrapper.xcdatamodel; path = Milestone.xcdatamodel; sourceTree = "<group>"; };
/* End PBXFileReference section */

/* Begin PBXFrameworksBuildPhase section */
		84F1B7512D50E6C9005975AC /* Frameworks */ = {
			isa = PBXFrameworksBuildPhase;
			buildActionMask = 2147483647;
			files = (
			);
			runOnlyForDeploymentPostprocessing = 0;
		};
		84F1B7612D50E6CB005975AC /* Frameworks */ = {
			isa = PBXFrameworksBuildPhase;
			buildActionMask = 2147483647;
			files = (
			);
			runOnlyForDeploymentPostprocessing = 0;
		};
		84F1B76B2D50E6CB005975AC /* Frameworks */ = {
			isa = PBXFrameworksBuildPhase;
			buildActionMask = 2147483647;
			files = (
			);
			runOnlyForDeploymentPostprocessing = 0;
		};
/* End PBXFrameworksBuildPhase section */

/* Begin PBXGroup section */
		84F1B74B2D50E6C9005975AC = {
			isa = PBXGroup;
			children = (
				84F1B7562D50E6C9005975AC /* Milestone */,
				84F1B7672D50E6CB005975AC /* MilestoneTests */,
				84F1B7712D50E6CB005975AC /* MilestoneUITests */,
				84F1B7552D50E6C9005975AC /* Products */,
			);
			sourceTree = "<group>";
		};
		84F1B7552D50E6C9005975AC /* Products */ = {
			isa = PBXGroup;
			children = (
				84F1B7542D50E6C9005975AC /* Milestone.app */,
				84F1B7642D50E6CB005975AC /* MilestoneTests.xctest */,
				84F1B76E2D50E6CB005975AC /* MilestoneUITests.xctest */,
			);
			name = Products;
			sourceTree = "<group>";
		};
		84F1B7562D50E6C9005975AC /* Milestone */ = {
			isa = PBXGroup;
			children = (
				84F1B7572D50E6C9005975AC /* MilestoneApp.swift */,
				847E97692D521E3900F0BD59 /* WorkoutListView.swift */,
				847E976D2D52253A00F0BD59 /* EditWorkoutView.swift */,
				847E976B2D52225B00F0BD59 /* AddWorkoutView.swift */,
				84F1B7832D50E738005975AC /* Milestone.xcdatamodeld */,
				84F1B7812D50E70C005975AC /* PersistentController.swift */,
				84F1B75B2D50E6CB005975AC /* Assets.xcassets */,
				84F1B75D2D50E6CB005975AC /* Preview Content */,
			);
			path = Milestone;
			sourceTree = "<group>";
		};
		84F1B75D2D50E6CB005975AC /* Preview Content */ = {
			isa = PBXGroup;
			children = (
				84F1B75E2D50E6CB005975AC /* Preview Assets.xcassets */,
			);
			path = "Preview Content";
			sourceTree = "<group>";
		};
		84F1B7672D50E6CB005975AC /* MilestoneTests */ = {
			isa = PBXGroup;
			children = (
				84F1B7682D50E6CB005975AC /* MilestoneTests.swift */,
			);
			path = MilestoneTests;
			sourceTree = "<group>";
		};
		84F1B7712D50E6CB005975AC /* MilestoneUITests */ = {
			isa = PBXGroup;
			children = (
				84F1B7722D50E6CB005975AC /* MilestoneUITests.swift */,
				84F1B7742D50E6CB005975AC /* MilestoneUITestsLaunchTests.swift */,
			);
			path = MilestoneUITests;
			sourceTree = "<group>";
		};
/* End PBXGroup section */

/* Begin PBXNativeTarget section */
		84F1B7532D50E6C9005975AC /* Milestone */ = {
			isa = PBXNativeTarget;
			buildConfigurationList = 84F1B7782D50E6CB005975AC /* Build configuration list for PBXNativeTarget "Milestone" */;
			buildPhases = (
				84F1B7502D50E6C9005975AC /* Sources */,
				84F1B7512D50E6C9005975AC /* Frameworks */,
				84F1B7522D50E6C9005975AC /* Resources */,
			);
			buildRules = (
			);
			dependencies = (
			);
			name = Milestone;
			productName = Milestone;
			productReference = 84F1B7542D50E6C9005975AC /* Milestone.app */;
			productType = "com.apple.product-type.application";
		};
		84F1B7632D50E6CB005975AC /* MilestoneTests */ = {
			isa = PBXNativeTarget;
			buildConfigurationList = 84F1B77B2D50E6CB005975AC /* Build configuration list for PBXNativeTarget "MilestoneTests" */;
			buildPhases = (
				84F1B7602D50E6CB005975AC /* Sources */,
				84F1B7612D50E6CB005975AC /* Frameworks */,
				84F1B7622D50E6CB005975AC /* Resources */,
			);
			buildRules = (
			);
			dependencies = (
				84F1B7662D50E6CB005975AC /* PBXTargetDependency */,
			);
			name = MilestoneTests;
			productName = MilestoneTests;
			productReference = 84F1B7642D50E6CB005975AC /* MilestoneTests.xctest */;
			productType = "com.apple.product-type.bundle.unit-test";
		};
		84F1B76D2D50E6CB005975AC /* MilestoneUITests */ = {
			isa = PBXNativeTarget;
			buildConfigurationList = 84F1B77E2D50E6CB005975AC /* Build configuration list for PBXNativeTarget "MilestoneUITests" */;
			buildPhases = (
				84F1B76A2D50E6CB005975AC /* Sources */,
				84F1B76B2D50E6CB005975AC /* Frameworks */,
				84F1B76C2D50E6CB005975AC /* Resources */,
			);
			buildRules = (
			);
			dependencies = (
				84F1B7702D50E6CB005975AC /* PBXTargetDependency */,
			);
			name = MilestoneUITests;
			productName = MilestoneUITests;
			productReference = 84F1B76E2D50E6CB005975AC /* MilestoneUITests.xctest */;
			productType = "com.apple.product-type.bundle.ui-testing";
		};
/* End PBXNativeTarget section */

/* Begin PBXProject section */
		84F1B74C2D50E6C9005975AC /* Project object */ = {
			isa = PBXProject;
			attributes = {
				BuildIndependentTargetsInParallel = 1;
				LastSwiftUpdateCheck = 1400;
				LastUpgradeCheck = 1400;
				TargetAttributes = {
					84F1B7532D50E6C9005975AC = {
						CreatedOnToolsVersion = 14.0.1;
					};
					84F1B7632D50E6CB005975AC = {
						CreatedOnToolsVersion = 14.0.1;
						TestTargetID = 84F1B7532D50E6C9005975AC;
					};
					84F1B76D2D50E6CB005975AC = {
						CreatedOnToolsVersion = 14.0.1;
						TestTargetID = 84F1B7532D50E6C9005975AC;
					};
				};
			};
			buildConfigurationList = 84F1B74F2D50E6C9005975AC /* Build configuration list for PBXProject "Milestone" */;
			compatibilityVersion = "Xcode 14.0";
			developmentRegion = en;
			hasScannedForEncodings = 0;
			knownRegions = (
				en,
				Base,
			);
			mainGroup = 84F1B74B2D50E6C9005975AC;
			productRefGroup = 84F1B7552D50E6C9005975AC /* Products */;
			projectDirPath = "";
			projectRoot = "";
			targets = (
				84F1B7532D50E6C9005975AC /* Milestone */,
				84F1B7632D50E6CB005975AC /* MilestoneTests */,
				84F1B76D2D50E6CB005975AC /* MilestoneUITests */,
			);
		};
/* End PBXProject section */

/* Begin PBXResourcesBuildPhase section */
		84F1B7522D50E6C9005975AC /* Resources */ = {
			isa = PBXResourcesBuildPhase;
			buildActionMask = 2147483647;
			files = (
				84F1B75F2D50E6CB005975AC /* Preview Assets.xcassets in Resources */,
				84F1B75C2D50E6CB005975AC /* Assets.xcassets in Resources */,
			);
			runOnlyForDeploymentPostprocessing = 0;
		};
		84F1B7622D50E6CB005975AC /* Resources */ = {
			isa = PBXResourcesBuildPhase;
			buildActionMask = 2147483647;
			files = (
			);
			runOnlyForDeploymentPostprocessing = 0;
		};
		84F1B76C2D50E6CB005975AC /* Resources */ = {
			isa = PBXResourcesBuildPhase;
			buildActionMask = 2147483647;
			files = (
			);
			runOnlyForDeploymentPostprocessing = 0;
		};
/* End PBXResourcesBuildPhase section */

/* Begin PBXSourcesBuildPhase section */
		84F1B7502D50E6C9005975AC /* Sources */ = {
			isa = PBXSourcesBuildPhase;
			buildActionMask = 2147483647;
			files = (
				84F1B7822D50E70C005975AC /* PersistentController.swift in Sources */,
				847E976C2D52225B00F0BD59 /* AddWorkoutView.swift in Sources */,
				847E976E2D52253A00F0BD59 /* EditWorkoutView.swift in Sources */,
				847E976A2D521E3900F0BD59 /* WorkoutListView.swift in Sources */,
				84F1B7852D50E738005975AC /* Milestone.xcdatamodeld in Sources */,
				84F1B7582D50E6C9005975AC /* MilestoneApp.swift in Sources */,
			);
			runOnlyForDeploymentPostprocessing = 0;
		};
		84F1B7602D50E6CB005975AC /* Sources */ = {
			isa = PBXSourcesBuildPhase;
			buildActionMask = 2147483647;
			files = (
				84F1B7692D50E6CB005975AC /* MilestoneTests.swift in Sources */,
			);
			runOnlyForDeploymentPostprocessing = 0;
		};
		84F1B76A2D50E6CB005975AC /* Sources */ = {
			isa = PBXSourcesBuildPhase;
			buildActionMask = 2147483647;
			files = (
				84F1B7732D50E6CB005975AC /* MilestoneUITests.swift in Sources */,
				84F1B7752D50E6CB005975AC /* MilestoneUITestsLaunchTests.swift in Sources */,
			);
			runOnlyForDeploymentPostprocessing = 0;
		};
/* End PBXSourcesBuildPhase section */

/* Begin PBXTargetDependency section */
		84F1B7662D50E6CB005975AC /* PBXTargetDependency */ = {
			isa = PBXTargetDependency;
			target = 84F1B7532D50E6C9005975AC /* Milestone */;
			targetProxy = 84F1B7652D50E6CB005975AC /* PBXContainerItemProxy */;
		};
		84F1B7702D50E6CB005975AC /* PBXTargetDependency */ = {
			isa = PBXTargetDependency;
			target = 84F1B7532D50E6C9005975AC /* Milestone */;
			targetProxy = 84F1B76F2D50E6CB005975AC /* PBXContainerItemProxy */;
		};
/* End PBXTargetDependency section */

/* Begin XCBuildConfiguration section */
		84F1B7762D50E6CB005975AC /* Debug */ = {
			isa = XCBuildConfiguration;
			buildSettings = {
				ALWAYS_SEARCH_USER_PATHS = NO;
				CLANG_ANALYZER_NONNULL = YES;
				CLANG_ANALYZER_NUMBER_OBJECT_CONVERSION = YES_AGGRESSIVE;
				CLANG_CXX_LANGUAGE_STANDARD = "gnu++20";
				CLANG_ENABLE_MODULES = YES;
				CLANG_ENABLE_OBJC_ARC = YES;
				CLANG_ENABLE_OBJC_WEAK = YES;
				CLANG_WARN_BLOCK_CAPTURE_AUTORELEASING = YES;
				CLANG_WARN_BOOL_CONVERSION = YES;
				CLANG_WARN_COMMA = YES;
				CLANG_WARN_CONSTANT_CONVERSION = YES;
				CLANG_WARN_DEPRECATED_OBJC_IMPLEMENTATIONS = YES;
				CLANG_WARN_DIRECT_OBJC_ISA_USAGE = YES_ERROR;
				CLANG_WARN_DOCUMENTATION_COMMENTS = YES;
				CLANG_WARN_EMPTY_BODY = YES;
				CLANG_WARN_ENUM_CONVERSION = YES;
				CLANG_WARN_INFINITE_RECURSION = YES;
				CLANG_WARN_INT_CONVERSION = YES;
				CLANG_WARN_NON_LITERAL_NULL_CONVERSION = YES;
				CLANG_WARN_OBJC_IMPLICIT_RETAIN_SELF = YES;
				CLANG_WARN_OBJC_LITERAL_CONVERSION = YES;
				CLANG_WARN_OBJC_ROOT_CLASS = YES_ERROR;
				CLANG_WARN_QUOTED_INCLUDE_IN_FRAMEWORK_HEADER = YES;
				CLANG_WARN_RANGE_LOOP_ANALYSIS = YES;
				CLANG_WARN_STRICT_PROTOTYPES = YES;
				CLANG_WARN_SUSPICIOUS_MOVE = YES;
				CLANG_WARN_UNGUARDED_AVAILABILITY = YES_AGGRESSIVE;
				CLANG_WARN_UNREACHABLE_CODE = YES;
				CLANG_WARN__DUPLICATE_METHOD_MATCH = YES;
				COPY_PHASE_STRIP = NO;
				DEBUG_INFORMATION_FORMAT = dwarf;
				ENABLE_STRICT_OBJC_MSGSEND = YES;
				ENABLE_TESTABILITY = YES;
				GCC_C_LANGUAGE_STANDARD = gnu11;
				GCC_DYNAMIC_NO_PIC = NO;
				GCC_NO_COMMON_BLOCKS = YES;
				GCC_OPTIMIZATION_LEVEL = 0;
				GCC_PREPROCESSOR_DEFINITIONS = (
					"DEBUG=1",
					"$(inherited)",
				);
				GCC_WARN_64_TO_32_BIT_CONVERSION = YES;
				GCC_WARN_ABOUT_RETURN_TYPE = YES_ERROR;
				GCC_WARN_UNDECLARED_SELECTOR = YES;
				GCC_WARN_UNINITIALIZED_AUTOS = YES_AGGRESSIVE;
				GCC_WARN_UNUSED_FUNCTION = YES;
				GCC_WARN_UNUSED_VARIABLE = YES;
				IPHONEOS_DEPLOYMENT_TARGET = 16.0;
				MTL_ENABLE_DEBUG_INFO = INCLUDE_SOURCE;
				MTL_FAST_MATH = YES;
				ONLY_ACTIVE_ARCH = YES;
				SDKROOT = iphoneos;
				SWIFT_ACTIVE_COMPILATION_CONDITIONS = DEBUG;
				SWIFT_OPTIMIZATION_LEVEL = "-Onone";
			};
			name = Debug;
		};
		84F1B7772D50E6CB005975AC /* Release */ = {
			isa = XCBuildConfiguration;
			buildSettings = {
				ALWAYS_SEARCH_USER_PATHS = NO;
				CLANG_ANALYZER_NONNULL = YES;
				CLANG_ANALYZER_NUMBER_OBJECT_CONVERSION = YES_AGGRESSIVE;
				CLANG_CXX_LANGUAGE_STANDARD = "gnu++20";
				CLANG_ENABLE_MODULES = YES;
				CLANG_ENABLE_OBJC_ARC = YES;
				CLANG_ENABLE_OBJC_WEAK = YES;
				CLANG_WARN_BLOCK_CAPTURE_AUTORELEASING = YES;
				CLANG_WARN_BOOL_CONVERSION = YES;
				CLANG_WARN_COMMA = YES;
				CLANG_WARN_CONSTANT_CONVERSION = YES;
				CLANG_WARN_DEPRECATED_OBJC_IMPLEMENTATIONS = YES;
				CLANG_WARN_DIRECT_OBJC_ISA_USAGE = YES_ERROR;
				CLANG_WARN_DOCUMENTATION_COMMENTS = YES;
				CLANG_WARN_EMPTY_BODY = YES;
				CLANG_WARN_ENUM_CONVERSION = YES;
				CLANG_WARN_INFINITE_RECURSION = YES;
				CLANG_WARN_INT_CONVERSION = YES;
				CLANG_WARN_NON_LITERAL_NULL_CONVERSION = YES;
				CLANG_WARN_OBJC_IMPLICIT_RETAIN_SELF = YES;
				CLANG_WARN_OBJC_LITERAL_CONVERSION = YES;
				CLANG_WARN_OBJC_ROOT_CLASS = YES_ERROR;
				CLANG_WARN_QUOTED_INCLUDE_IN_FRAMEWORK_HEADER = YES;
				CLANG_WARN_RANGE_LOOP_ANALYSIS = YES;
				CLANG_WARN_STRICT_PROTOTYPES = YES;
				CLANG_WARN_SUSPICIOUS_MOVE = YES;
				CLANG_WARN_UNGUARDED_AVAILABILITY = YES_AGGRESSIVE;
				CLANG_WARN_UNREACHABLE_CODE = YES;
				CLANG_WARN__DUPLICATE_METHOD_MATCH = YES;
				COPY_PHASE_STRIP = NO;
				DEBUG_INFORMATION_FORMAT = "dwarf-with-dsym";
				ENABLE_NS_ASSERTIONS = NO;
				ENABLE_STRICT_OBJC_MSGSEND = YES;
				GCC_C_LANGUAGE_STANDARD = gnu11;
				GCC_NO_COMMON_BLOCKS = YES;
				GCC_WARN_64_TO_32_BIT_CONVERSION = YES;
				GCC_WARN_ABOUT_RETURN_TYPE = YES_ERROR;
				GCC_WARN_UNDECLARED_SELECTOR = YES;
				GCC_WARN_UNINITIALIZED_AUTOS = YES_AGGRESSIVE;
				GCC_WARN_UNUSED_FUNCTION = YES;
				GCC_WARN_UNUSED_VARIABLE = YES;
				IPHONEOS_DEPLOYMENT_TARGET = 16.0;
				MTL_ENABLE_DEBUG_INFO = NO;
				MTL_FAST_MATH = YES;
				SDKROOT = iphoneos;
				SWIFT_COMPILATION_MODE = wholemodule;
				SWIFT_OPTIMIZATION_LEVEL = "-O";
				VALIDATE_PRODUCT = YES;
			};
			name = Release;
		};
		84F1B7792D50E6CB005975AC /* Debug */ = {
			isa = XCBuildConfiguration;
			buildSettings = {
				ASSETCATALOG_COMPILER_APPICON_NAME = AppIcon;
				ASSETCATALOG_COMPILER_GLOBAL_ACCENT_COLOR_NAME = AccentColor;
				CODE_SIGN_STYLE = Automatic;
				CURRENT_PROJECT_VERSION = 1;
				DEVELOPMENT_ASSET_PATHS = "\"Milestone/Preview Content\"";
				ENABLE_PREVIEWS = YES;
				GENERATE_INFOPLIST_FILE = YES;
				INFOPLIST_KEY_UIApplicationSceneManifest_Generation = YES;
				INFOPLIST_KEY_UIApplicationSupportsIndirectInputEvents = YES;
				INFOPLIST_KEY_UILaunchScreen_Generation = YES;
				INFOPLIST_KEY_UISupportedInterfaceOrientations_iPad = "UIInterfaceOrientationPortrait UIInterfaceOrientationPortraitUpsideDown UIInterfaceOrientationLandscapeLeft UIInterfaceOrientationLandscapeRight";
				INFOPLIST_KEY_UISupportedInterfaceOrientations_iPhone = "UIInterfaceOrientationPortrait UIInterfaceOrientationLandscapeLeft UIInterfaceOrientationLandscapeRight";
				LD_RUNPATH_SEARCH_PATHS = (
					"$(inherited)",
					"@executable_path/Frameworks",
				);
				MARKETING_VERSION = 1.0;
				PRODUCT_BUNDLE_IDENTIFIER = com.example.sampleapp.Milestone;
				PRODUCT_NAME = "$(TARGET_NAME)";
				SWIFT_EMIT_LOC_STRINGS = YES;
				SWIFT_VERSION = 5.0;
				TARGETED_DEVICE_FAMILY = "1,2";
			};
			name = Debug;
		};
		84F1B77A2D50E6CB005975AC /* Release */ = {
			isa = XCBuildConfiguration;
			buildSettings = {
				ASSETCATALOG_COMPILER_APPICON_NAME = AppIcon;
				ASSETCATALOG_COMPILER_GLOBAL_ACCENT_COLOR_NAME = AccentColor;
				CODE_SIGN_STYLE = Automatic;
				CURRENT_PROJECT_VERSION = 1;
				DEVELOPMENT_ASSET_PATHS = "\"Milestone/Preview Content\"";
				ENABLE_PREVIEWS = YES;
				GENERATE_INFOPLIST_FILE = YES;
				INFOPLIST_KEY_UIApplicationSceneManifest_Generation = YES;
				INFOPLIST_KEY_UIApplicationSupportsIndirectInputEvents = YES;
				INFOPLIST_KEY_UILaunchScreen_Generation = YES;
				INFOPLIST_KEY_UISupportedInterfaceOrientations_iPad = "UIInterfaceOrientationPortrait UIInterfaceOrientationPortraitUpsideDown UIInterfaceOrientationLandscapeLeft UIInterfaceOrientationLandscapeRight";
				INFOPLIST_KEY_UISupportedInterfaceOrientations_iPhone = "UIInterfaceOrientationPortrait UIInterfaceOrientationLandscapeLeft UIInterfaceOrientationLandscapeRight";
				LD_RUNPATH_SEARCH_PATHS = (
					"$(inherited)",
					"@executable_path/Frameworks",
				);
				MARKETING_VERSION = 1.0;
				PRODUCT_BUNDLE_IDENTIFIER = com.example.sampleapp.Milestone;
				PRODUCT_NAME = "$(TARGET_NAME)";
				SWIFT_EMIT_LOC_STRINGS = YES;
				SWIFT_VERSION = 5.0;
				TARGETED_DEVICE_FAMILY = "1,2";
			};
			name = Release;
		};
		84F1B77C2D50E6CB005975AC /* Debug */ = {
			isa = XCBuildConfiguration;
			buildSettings = {
				ALWAYS_EMBED_SWIFT_STANDARD_LIBRARIES = YES;
				BUNDLE_LOADER = "$(TEST_HOST)";
				CODE_SIGN_STYLE = Automatic;
				CURRENT_PROJECT_VERSION = 1;
				GENERATE_INFOPLIST_FILE = YES;
				IPHONEOS_DEPLOYMENT_TARGET = 16.0;
				MARKETING_VERSION = 1.0;
				PRODUCT_BUNDLE_IDENTIFIER = com.example.sampleapp.MilestoneTests;
				PRODUCT_NAME = "$(TARGET_NAME)";
				SWIFT_EMIT_LOC_STRINGS = NO;
				SWIFT_VERSION = 5.0;
				TARGETED_DEVICE_FAMILY = "1,2";
				TEST_HOST = "$(BUILT_PRODUCTS_DIR)/Milestone.app/$(BUNDLE_EXECUTABLE_FOLDER_PATH)/Milestone";
			};
			name = Debug;
		};
		84F1B77D2D50E6CB005975AC /* Release */ = {
			isa = XCBuildConfiguration;
			buildSettings = {
				ALWAYS_EMBED_SWIFT_STANDARD_LIBRARIES = YES;
				BUNDLE_LOADER = "$(TEST_HOST)";
				CODE_SIGN_STYLE = Automatic;
				CURRENT_PROJECT_VERSION = 1;
				GENERATE_INFOPLIST_FILE = YES;
				IPHONEOS_DEPLOYMENT_TARGET = 16.0;
				MARKETING_VERSION = 1.0;
				PRODUCT_BUNDLE_IDENTIFIER = com.example.sampleapp.MilestoneTests;
				PRODUCT_NAME = "$(TARGET_NAME)";
				SWIFT_EMIT_LOC_STRINGS = NO;
				SWIFT_VERSION = 5.0;
				TARGETED_DEVICE_FAMILY = "1,2";
				TEST_HOST = "$(BUILT_PRODUCTS_DIR)/Milestone.app/$(BUNDLE_EXECUTABLE_FOLDER_PATH)/Milestone";
			};
			name = Release;
		};
		84F1B77F2D50E6CB005975AC /* Debug */ = {
			isa = XCBuildConfiguration;
			buildSettings = {
				ALWAYS_EMBED_SWIFT_STANDARD_LIBRARIES = YES;
				CODE_SIGN_STYLE = Automatic;
				CURRENT_PROJECT_VERSION = 1;
				GENERATE_INFOPLIST_FILE = YES;
				MARKETING_VERSION = 1.0;
				PRODUCT_BUNDLE_IDENTIFIER = com.example.sampleapp.MilestoneUITests;
				PRODUCT_NAME = "$(TARGET_NAME)";
				SWIFT_EMIT_LOC_STRINGS = NO;
				SWIFT_VERSION = 5.0;
				TARGETED_DEVICE_FAMILY = "1,2";
				TEST_TARGET_NAME = Milestone;
			};
			name = Debug;
		};
		84F1B7802D50E6CB005975AC /* Release */ = {
			isa = XCBuildConfiguration;
			buildSettings = {
				ALWAYS_EMBED_SWIFT_STANDARD_LIBRARIES = YES;
				CODE_SIGN_STYLE = Automatic;
				CURRENT_PROJECT_VERSION = 1;
				GENERATE_INFOPLIST_FILE = YES;
				MARKETING_VERSION = 1.0;
				PRODUCT_BUNDLE_IDENTIFIER = com.example.sampleapp.MilestoneUITests;
				PRODUCT_NAME = "$(TARGET_NAME)";
				SWIFT_EMIT_LOC_STRINGS = NO;
				SWIFT_VERSION = 5.0;
				TARGETED_DEVICE_FAMILY = "1,2";
				TEST_TARGET_NAME = Milestone;
			};
			name = Release;
		};
/* End XCBuildConfiguration section */

/* Begin XCConfigurationList section */
		84F1B74F2D50E6C9005975AC /* Build configuration list for PBXProject "Milestone" */ = {
			isa = XCConfigurationList;
			buildConfigurations = (
				84F1B7762D50E6CB005975AC /* Debug */,
				84F1B7772D50E6CB005975AC /* Release */,
			);
			defaultConfigurationIsVisible = 0;
			defaultConfigurationName = Release;
		};
		84F1B7782D50E6CB005975AC /* Build configuration list for PBXNativeTarget "Milestone" */ = {
			isa = XCConfigurationList;
			buildConfigurations = (
				84F1B7792D50E6CB005975AC /* Debug */,
				84F1B77A2D50E6CB005975AC /* Release */,
			);
			defaultConfigurationIsVisible = 0;
			defaultConfigurationName = Release;
		};
		84F1B77B2D50E6CB005975AC /* Build configuration list for PBXNativeTarget "MilestoneTests" */ = {
			isa = XCConfigurationList;
			buildConfigurations = (
				84F1B77C2D50E6CB005975AC /* Debug */,
				84F1B77D2D50E6CB005975AC /* Release */,
			);
			defaultConfigurationIsVisible = 0;
			defaultConfigurationName = Release;
		};
		84F1B77E2D50E6CB005975AC /* Build configuration list for PBXNativeTarget "MilestoneUITests" */ = {
			isa = XCConfigurationList;
			buildConfigurations = (
				84F1B77F2D50E6CB005975AC /* Debug */,
				84F1B7802D50E6CB005975AC /* Release */,
			);
			defaultConfigurationIsVisible = 0;
			defaultConfigurationName = Release;
		};
/* End XCConfigurationList section */

/* Begin XCVersionGroup section */
		84F1B7832D50E738005975AC /* Milestone.xcdatamodeld */ = {
			isa = XCVersionGroup;
			children = (
				84F1B7842D50E738005975AC /* Milestone.xcdatamodel */,
			);
			currentVersion = 84F1B7842D50E738005975AC /* Milestone.xcdatamodel */;
			path = Milestone.xcdatamodeld;
			sourceTree = "<group>";
			versionGroupType = wrapper.xcdatamodel;
		};
/* End XCVersionGroup section */
	};
	rootObject = 84F1B74C2D50E6C9005975AC /* Project object */;
}
