// !$*UTF8*$!
{
	archiveVersion = 1;
	classes = {
	};
	objectVersion = 56;
	objects = {

/* Begin PBXBuildFile section */
		843F7B972D4CCAFE0071A680 /* OfflineNotesApp.swift in Sources */ = {isa = PBXBuildFile; fileRef = 843F7B962D4CCAFD0071A680 /* OfflineNotesApp.swift */; };
		843F7B9B2D4CCAFF0071A680 /* Assets.xcassets in Resources */ = {isa = PBXBuildFile; fileRef = 843F7B9A2D4CCAFF0071A680 /* Assets.xcassets */; };
		843F7B9E2D4CCAFF0071A680 /* Preview Assets.xcassets in Resources */ = {isa = PBXBuildFile; fileRef = 843F7B9D2D4CCAFF0071A680 /* Preview Assets.xcassets */; };
		843F7BA82D4CCB000071A680 /* OfflineNotesTests.swift in Sources */ = {isa = PBXBuildFile; fileRef = 843F7BA72D4CCB000071A680 /* OfflineNotesTests.swift */; };
		843F7BB22D4CCB000071A680 /* OfflineNotesUITests.swift in Sources */ = {isa = PBXBuildFile; fileRef = 843F7BB12D4CCB000071A680 /* OfflineNotesUITests.swift */; };
		843F7BB42D4CCB000071A680 /* OfflineNotesUITestsLaunchTests.swift in Sources */ = {isa = PBXBuildFile; fileRef = 843F7BB32D4CCB000071A680 /* OfflineNotesUITestsLaunchTests.swift */; };
		843F7BC22D4CCBE50071A680 /* OfflineNotes.xcdatamodeld in Sources */ = {isa = PBXBuildFile; fileRef = 843F7BC02D4CCBE50071A680 /* OfflineNotes.xcdatamodeld */; };
		843F7BC42D4CCCC50071A680 /* PersistentController.swift in Sources */ = {isa = PBXBuildFile; fileRef = 843F7BC32D4CCCC50071A680 /* PersistentController.swift */; };
		843F7BC62D4CD11A0071A680 /* NotesView.swift in Sources */ = {isa = PBXBuildFile; fileRef = 843F7BC52D4CD11A0071A680 /* NotesView.swift */; };
		843F7BC82D4CD8420071A680 /* EditNoteView.swift in Sources */ = {isa = PBXBuildFile; fileRef = 843F7BC72D4CD8420071A680 /* EditNoteView.swift */; };
		843F7BCA2D4CF37A0071A680 /* AddNoteView.swift in Sources */ = {isa = PBXBuildFile; fileRef = 843F7BC92D4CF37A0071A680 /* AddNoteView.swift */; };
/* End PBXBuildFile section */

/* Begin PBXContainerItemProxy section */
		843F7BA42D4CCB000071A680 /* PBXContainerItemProxy */ = {
			isa = PBXContainerItemProxy;
			containerPortal = 843F7B8B2D4CCAFD0071A680 /* Project object */;
			proxyType = 1;
			remoteGlobalIDString = 843F7B922D4CCAFD0071A680;
			remoteInfo = OfflineNotes;
		};
		843F7BAE2D4CCB000071A680 /* PBXContainerItemProxy */ = {
			isa = PBXContainerItemProxy;
			containerPortal = 843F7B8B2D4CCAFD0071A680 /* Project object */;
			proxyType = 1;
			remoteGlobalIDString = 843F7B922D4CCAFD0071A680;
			remoteInfo = OfflineNotes;
		};
/* End PBXContainerItemProxy section */

/* Begin PBXFileReference section */
		843F7B932D4CCAFD0071A680 /* OfflineNotes.app */ = {isa = PBXFileReference; explicitFileType = wrapper.application; includeInIndex = 0; path = OfflineNotes.app; sourceTree = BUILT_PRODUCTS_DIR; };
		843F7B962D4CCAFD0071A680 /* OfflineNotesApp.swift */ = {isa = PBXFileReference; lastKnownFileType = sourcecode.swift; path = OfflineNotesApp.swift; sourceTree = "<group>"; };
		843F7B9A2D4CCAFF0071A680 /* Assets.xcassets */ = {isa = PBXFileReference; lastKnownFileType = folder.assetcatalog; path = Assets.xcassets; sourceTree = "<group>"; };
		843F7B9D2D4CCAFF0071A680 /* Preview Assets.xcassets */ = {isa = PBXFileReference; lastKnownFileType = folder.assetcatalog; path = "Preview Assets.xcassets"; sourceTree = "<group>"; };
		843F7BA32D4CCB000071A680 /* OfflineNotesTests.xctest */ = {isa = PBXFileReference; explicitFileType = wrapper.cfbundle; includeInIndex = 0; path = OfflineNotesTests.xctest; sourceTree = BUILT_PRODUCTS_DIR; };
		843F7BA72D4CCB000071A680 /* OfflineNotesTests.swift */ = {isa = PBXFileReference; lastKnownFileType = sourcecode.swift; path = OfflineNotesTests.swift; sourceTree = "<group>"; };
		843F7BAD2D4CCB000071A680 /* OfflineNotesUITests.xctest */ = {isa = PBXFileReference; explicitFileType = wrapper.cfbundle; includeInIndex = 0; path = OfflineNotesUITests.xctest; sourceTree = BUILT_PRODUCTS_DIR; };
		843F7BB12D4CCB000071A680 /* OfflineNotesUITests.swift */ = {isa = PBXFileReference; lastKnownFileType = sourcecode.swift; path = OfflineNotesUITests.swift; sourceTree = "<group>"; };
		843F7BB32D4CCB000071A680 /* OfflineNotesUITestsLaunchTests.swift */ = {isa = PBXFileReference; lastKnownFileType = sourcecode.swift; path = OfflineNotesUITestsLaunchTests.swift; sourceTree = "<group>"; };
		843F7BC12D4CCBE50071A680 /* OfflineNotes.xcdatamodel */ = {isa = PBXFileReference; lastKnownFileType = wrapper.xcdatamodel; path = OfflineNotes.xcdatamodel; sourceTree = "<group>"; };
		843F7BC32D4CCCC50071A680 /* PersistentController.swift */ = {isa = PBXFileReference; lastKnownFileType = sourcecode.swift; path = PersistentController.swift; sourceTree = "<group>"; };
		843F7BC52D4CD11A0071A680 /* NotesView.swift */ = {isa = PBXFileReference; lastKnownFileType = sourcecode.swift; path = NotesView.swift; sourceTree = "<group>"; };
		843F7BC72D4CD8420071A680 /* EditNoteView.swift */ = {isa = PBXFileReference; lastKnownFileType = sourcecode.swift; path = EditNoteView.swift; sourceTree = "<group>"; };
		843F7BC92D4CF37A0071A680 /* AddNoteView.swift */ = {isa = PBXFileReference; lastKnownFileType = sourcecode.swift; path = AddNoteView.swift; sourceTree = "<group>"; };
/* End PBXFileReference section */

/* Begin PBXFrameworksBuildPhase section */
		843F7B902D4CCAFD0071A680 /* Frameworks */ = {
			isa = PBXFrameworksBuildPhase;
			buildActionMask = 2147483647;
			files = (
			);
			runOnlyForDeploymentPostprocessing = 0;
		};
		843F7BA02D4CCB000071A680 /* Frameworks */ = {
			isa = PBXFrameworksBuildPhase;
			buildActionMask = 2147483647;
			files = (
			);
			runOnlyForDeploymentPostprocessing = 0;
		};
		843F7BAA2D4CCB000071A680 /* Frameworks */ = {
			isa = PBXFrameworksBuildPhase;
			buildActionMask = 2147483647;
			files = (
			);
			runOnlyForDeploymentPostprocessing = 0;
		};
/* End PBXFrameworksBuildPhase section */

/* Begin PBXGroup section */
		843F7B8A2D4CCAFD0071A680 = {
			isa = PBXGroup;
			children = (
				843F7B952D4CCAFD0071A680 /* OfflineNotes */,
				843F7BA62D4CCB000071A680 /* OfflineNotesTests */,
				843F7BB02D4CCB000071A680 /* OfflineNotesUITests */,
				843F7B942D4CCAFD0071A680 /* Products */,
			);
			sourceTree = "<group>";
		};
		843F7B942D4CCAFD0071A680 /* Products */ = {
			isa = PBXGroup;
			children = (
				843F7B932D4CCAFD0071A680 /* OfflineNotes.app */,
				843F7BA32D4CCB000071A680 /* OfflineNotesTests.xctest */,
				843F7BAD2D4CCB000071A680 /* OfflineNotesUITests.xctest */,
			);
			name = Products;
			sourceTree = "<group>";
		};
		843F7B952D4CCAFD0071A680 /* OfflineNotes */ = {
			isa = PBXGroup;
			children = (
				843F7B962D4CCAFD0071A680 /* OfflineNotesApp.swift */,
				843F7BC92D4CF37A0071A680 /* AddNoteView.swift */,
				843F7BC72D4CD8420071A680 /* EditNoteView.swift */,
				843F7BC52D4CD11A0071A680 /* NotesView.swift */,
				843F7BC32D4CCCC50071A680 /* PersistentController.swift */,
				843F7BC02D4CCBE50071A680 /* OfflineNotes.xcdatamodeld */,
				843F7B9A2D4CCAFF0071A680 /* Assets.xcassets */,
				843F7B9C2D4CCAFF0071A680 /* Preview Content */,
			);
			path = OfflineNotes;
			sourceTree = "<group>";
		};
		843F7B9C2D4CCAFF0071A680 /* Preview Content */ = {
			isa = PBXGroup;
			children = (
				843F7B9D2D4CCAFF0071A680 /* Preview Assets.xcassets */,
			);
			path = "Preview Content";
			sourceTree = "<group>";
		};
		843F7BA62D4CCB000071A680 /* OfflineNotesTests */ = {
			isa = PBXGroup;
			children = (
				843F7BA72D4CCB000071A680 /* OfflineNotesTests.swift */,
			);
			path = OfflineNotesTests;
			sourceTree = "<group>";
		};
		843F7BB02D4CCB000071A680 /* OfflineNotesUITests */ = {
			isa = PBXGroup;
			children = (
				843F7BB12D4CCB000071A680 /* OfflineNotesUITests.swift */,
				843F7BB32D4CCB000071A680 /* OfflineNotesUITestsLaunchTests.swift */,
			);
			path = OfflineNotesUITests;
			sourceTree = "<group>";
		};
/* End PBXGroup section */

/* Begin PBXNativeTarget section */
		843F7B922D4CCAFD0071A680 /* OfflineNotes */ = {
			isa = PBXNativeTarget;
			buildConfigurationList = 843F7BB72D4CCB000071A680 /* Build configuration list for PBXNativeTarget "OfflineNotes" */;
			buildPhases = (
				843F7B8F2D4CCAFD0071A680 /* Sources */,
				843F7B902D4CCAFD0071A680 /* Frameworks */,
				843F7B912D4CCAFD0071A680 /* Resources */,
			);
			buildRules = (
			);
			dependencies = (
			);
			name = OfflineNotes;
			productName = OfflineNotes;
			productReference = 843F7B932D4CCAFD0071A680 /* OfflineNotes.app */;
			productType = "com.apple.product-type.application";
		};
		843F7BA22D4CCB000071A680 /* OfflineNotesTests */ = {
			isa = PBXNativeTarget;
			buildConfigurationList = 843F7BBA2D4CCB000071A680 /* Build configuration list for PBXNativeTarget "OfflineNotesTests" */;
			buildPhases = (
				843F7B9F2D4CCB000071A680 /* Sources */,
				843F7BA02D4CCB000071A680 /* Frameworks */,
				843F7BA12D4CCB000071A680 /* Resources */,
			);
			buildRules = (
			);
			dependencies = (
				843F7BA52D4CCB000071A680 /* PBXTargetDependency */,
			);
			name = OfflineNotesTests;
			productName = OfflineNotesTests;
			productReference = 843F7BA32D4CCB000071A680 /* OfflineNotesTests.xctest */;
			productType = "com.apple.product-type.bundle.unit-test";
		};
		843F7BAC2D4CCB000071A680 /* OfflineNotesUITests */ = {
			isa = PBXNativeTarget;
			buildConfigurationList = 843F7BBD2D4CCB000071A680 /* Build configuration list for PBXNativeTarget "OfflineNotesUITests" */;
			buildPhases = (
				843F7BA92D4CCB000071A680 /* Sources */,
				843F7BAA2D4CCB000071A680 /* Frameworks */,
				843F7BAB2D4CCB000071A680 /* Resources */,
			);
			buildRules = (
			);
			dependencies = (
				843F7BAF2D4CCB000071A680 /* PBXTargetDependency */,
			);
			name = OfflineNotesUITests;
			productName = OfflineNotesUITests;
			productReference = 843F7BAD2D4CCB000071A680 /* OfflineNotesUITests.xctest */;
			productType = "com.apple.product-type.bundle.ui-testing";
		};
/* End PBXNativeTarget section */

/* Begin PBXProject section */
		843F7B8B2D4CCAFD0071A680 /* Project object */ = {
			isa = PBXProject;
			attributes = {
				BuildIndependentTargetsInParallel = 1;
				LastSwiftUpdateCheck = 1400;
				LastUpgradeCheck = 1400;
				TargetAttributes = {
					843F7B922D4CCAFD0071A680 = {
						CreatedOnToolsVersion = 14.0.1;
					};
					843F7BA22D4CCB000071A680 = {
						CreatedOnToolsVersion = 14.0.1;
						TestTargetID = 843F7B922D4CCAFD0071A680;
					};
					843F7BAC2D4CCB000071A680 = {
						CreatedOnToolsVersion = 14.0.1;
						TestTargetID = 843F7B922D4CCAFD0071A680;
					};
				};
			};
			buildConfigurationList = 843F7B8E2D4CCAFD0071A680 /* Build configuration list for PBXProject "OfflineNotes" */;
			compatibilityVersion = "Xcode 14.0";
			developmentRegion = en;
			hasScannedForEncodings = 0;
			knownRegions = (
				en,
				Base,
			);
			mainGroup = 843F7B8A2D4CCAFD0071A680;
			productRefGroup = 843F7B942D4CCAFD0071A680 /* Products */;
			projectDirPath = "";
			projectRoot = "";
			targets = (
				843F7B922D4CCAFD0071A680 /* OfflineNotes */,
				843F7BA22D4CCB000071A680 /* OfflineNotesTests */,
				843F7BAC2D4CCB000071A680 /* OfflineNotesUITests */,
			);
		};
/* End PBXProject section */

/* Begin PBXResourcesBuildPhase section */
		843F7B912D4CCAFD0071A680 /* Resources */ = {
			isa = PBXResourcesBuildPhase;
			buildActionMask = 2147483647;
			files = (
				843F7B9E2D4CCAFF0071A680 /* Preview Assets.xcassets in Resources */,
				843F7B9B2D4CCAFF0071A680 /* Assets.xcassets in Resources */,
			);
			runOnlyForDeploymentPostprocessing = 0;
		};
		843F7BA12D4CCB000071A680 /* Resources */ = {
			isa = PBXResourcesBuildPhase;
			buildActionMask = 2147483647;
			files = (
			);
			runOnlyForDeploymentPostprocessing = 0;
		};
		843F7BAB2D4CCB000071A680 /* Resources */ = {
			isa = PBXResourcesBuildPhase;
			buildActionMask = 2147483647;
			files = (
			);
			runOnlyForDeploymentPostprocessing = 0;
		};
/* End PBXResourcesBuildPhase section */

/* Begin PBXSourcesBuildPhase section */
		843F7B8F2D4CCAFD0071A680 /* Sources */ = {
			isa = PBXSourcesBuildPhase;
			buildActionMask = 2147483647;
			files = (
				843F7BCA2D4CF37A0071A680 /* AddNoteView.swift in Sources */,
				843F7B972D4CCAFE0071A680 /* OfflineNotesApp.swift in Sources */,
				843F7BC42D4CCCC50071A680 /* PersistentController.swift in Sources */,
				843F7BC62D4CD11A0071A680 /* NotesView.swift in Sources */,
				843F7BC82D4CD8420071A680 /* EditNoteView.swift in Sources */,
				843F7BC22D4CCBE50071A680 /* OfflineNotes.xcdatamodeld in Sources */,
			);
			runOnlyForDeploymentPostprocessing = 0;
		};
		843F7B9F2D4CCB000071A680 /* Sources */ = {
			isa = PBXSourcesBuildPhase;
			buildActionMask = 2147483647;
			files = (
				843F7BA82D4CCB000071A680 /* OfflineNotesTests.swift in Sources */,
			);
			runOnlyForDeploymentPostprocessing = 0;
		};
		843F7BA92D4CCB000071A680 /* Sources */ = {
			isa = PBXSourcesBuildPhase;
			buildActionMask = 2147483647;
			files = (
				843F7BB42D4CCB000071A680 /* OfflineNotesUITestsLaunchTests.swift in Sources */,
				843F7BB22D4CCB000071A680 /* OfflineNotesUITests.swift in Sources */,
			);
			runOnlyForDeploymentPostprocessing = 0;
		};
/* End PBXSourcesBuildPhase section */

/* Begin PBXTargetDependency section */
		843F7BA52D4CCB000071A680 /* PBXTargetDependency */ = {
			isa = PBXTargetDependency;
			target = 843F7B922D4CCAFD0071A680 /* OfflineNotes */;
			targetProxy = 843F7BA42D4CCB000071A680 /* PBXContainerItemProxy */;
		};
		843F7BAF2D4CCB000071A680 /* PBXTargetDependency */ = {
			isa = PBXTargetDependency;
			target = 843F7B922D4CCAFD0071A680 /* OfflineNotes */;
			targetProxy = 843F7BAE2D4CCB000071A680 /* PBXContainerItemProxy */;
		};
/* End PBXTargetDependency section */

/* Begin XCBuildConfiguration section */
		843F7BB52D4CCB000071A680 /* Debug */ = {
			isa = XCBuildConfiguration;
			buildSettings = {
				ALWAYS_SEARCH_USER_PATHS = NO;
				CLANG_ANALYZER_NONNULL = YES;
				CLANG_ANALYZER_NUMBER_OBJECT_CONVERSION = YES_AGGRESSIVE;
				CLANG_CXX_LANGUAGE_STANDARD = "gnu++20";
				CLANG_ENABLE_MODULES = YES;
				CLANG_ENABLE_OBJC_ARC = YES;
				CLANG_ENABLE_OBJC_WEAK = YES;
				CLANG_WARN_BLOCK_CAPTURE_AUTORELEASING = YES;
				CLANG_WARN_BOOL_CONVERSION = YES;
				CLANG_WARN_COMMA = YES;
				CLANG_WARN_CONSTANT_CONVERSION = YES;
				CLANG_WARN_DEPRECATED_OBJC_IMPLEMENTATIONS = YES;
				CLANG_WARN_DIRECT_OBJC_ISA_USAGE = YES_ERROR;
				CLANG_WARN_DOCUMENTATION_COMMENTS = YES;
				CLANG_WARN_EMPTY_BODY = YES;
				CLANG_WARN_ENUM_CONVERSION = YES;
				CLANG_WARN_INFINITE_RECURSION = YES;
				CLANG_WARN_INT_CONVERSION = YES;
				CLANG_WARN_NON_LITERAL_NULL_CONVERSION = YES;
				CLANG_WARN_OBJC_IMPLICIT_RETAIN_SELF = YES;
				CLANG_WARN_OBJC_LITERAL_CONVERSION = YES;
				CLANG_WARN_OBJC_ROOT_CLASS = YES_ERROR;
				CLANG_WARN_QUOTED_INCLUDE_IN_FRAMEWORK_HEADER = YES;
				CLANG_WARN_RANGE_LOOP_ANALYSIS = YES;
				CLANG_WARN_STRICT_PROTOTYPES = YES;
				CLANG_WARN_SUSPICIOUS_MOVE = YES;
				CLANG_WARN_UNGUARDED_AVAILABILITY = YES_AGGRESSIVE;
				CLANG_WARN_UNREACHABLE_CODE = YES;
				CLANG_WARN__DUPLICATE_METHOD_MATCH = YES;
				COPY_PHASE_STRIP = NO;
				DEBUG_INFORMATION_FORMAT = dwarf;
				ENABLE_STRICT_OBJC_MSGSEND = YES;
				ENABLE_TESTABILITY = YES;
				GCC_C_LANGUAGE_STANDARD = gnu11;
				GCC_DYNAMIC_NO_PIC = NO;
				GCC_NO_COMMON_BLOCKS = YES;
				GCC_OPTIMIZATION_LEVEL = 0;
				GCC_PREPROCESSOR_DEFINITIONS = (
					"DEBUG=1",
					"$(inherited)",
				);
				GCC_WARN_64_TO_32_BIT_CONVERSION = YES;
				GCC_WARN_ABOUT_RETURN_TYPE = YES_ERROR;
				GCC_WARN_UNDECLARED_SELECTOR = YES;
				GCC_WARN_UNINITIALIZED_AUTOS = YES_AGGRESSIVE;
				GCC_WARN_UNUSED_FUNCTION = YES;
				GCC_WARN_UNUSED_VARIABLE = YES;
				IPHONEOS_DEPLOYMENT_TARGET = 16.0;
				MTL_ENABLE_DEBUG_INFO = INCLUDE_SOURCE;
				MTL_FAST_MATH = YES;
				ONLY_ACTIVE_ARCH = YES;
				SDKROOT = iphoneos;
				SWIFT_ACTIVE_COMPILATION_CONDITIONS = DEBUG;
				SWIFT_OPTIMIZATION_LEVEL = "-Onone";
			};
			name = Debug;
		};
		843F7BB62D4CCB000071A680 /* Release */ = {
			isa = XCBuildConfiguration;
			buildSettings = {
				ALWAYS_SEARCH_USER_PATHS = NO;
				CLANG_ANALYZER_NONNULL = YES;
				CLANG_ANALYZER_NUMBER_OBJECT_CONVERSION = YES_AGGRESSIVE;
				CLANG_CXX_LANGUAGE_STANDARD = "gnu++20";
				CLANG_ENABLE_MODULES = YES;
				CLANG_ENABLE_OBJC_ARC = YES;
				CLANG_ENABLE_OBJC_WEAK = YES;
				CLANG_WARN_BLOCK_CAPTURE_AUTORELEASING = YES;
				CLANG_WARN_BOOL_CONVERSION = YES;
				CLANG_WARN_COMMA = YES;
				CLANG_WARN_CONSTANT_CONVERSION = YES;
				CLANG_WARN_DEPRECATED_OBJC_IMPLEMENTATIONS = YES;
				CLANG_WARN_DIRECT_OBJC_ISA_USAGE = YES_ERROR;
				CLANG_WARN_DOCUMENTATION_COMMENTS = YES;
				CLANG_WARN_EMPTY_BODY = YES;
				CLANG_WARN_ENUM_CONVERSION = YES;
				CLANG_WARN_INFINITE_RECURSION = YES;
				CLANG_WARN_INT_CONVERSION = YES;
				CLANG_WARN_NON_LITERAL_NULL_CONVERSION = YES;
				CLANG_WARN_OBJC_IMPLICIT_RETAIN_SELF = YES;
				CLANG_WARN_OBJC_LITERAL_CONVERSION = YES;
				CLANG_WARN_OBJC_ROOT_CLASS = YES_ERROR;
				CLANG_WARN_QUOTED_INCLUDE_IN_FRAMEWORK_HEADER = YES;
				CLANG_WARN_RANGE_LOOP_ANALYSIS = YES;
				CLANG_WARN_STRICT_PROTOTYPES = YES;
				CLANG_WARN_SUSPICIOUS_MOVE = YES;
				CLANG_WARN_UNGUARDED_AVAILABILITY = YES_AGGRESSIVE;
				CLANG_WARN_UNREACHABLE_CODE = YES;
				CLANG_WARN__DUPLICATE_METHOD_MATCH = YES;
				COPY_PHASE_STRIP = NO;
				DEBUG_INFORMATION_FORMAT = "dwarf-with-dsym";
				ENABLE_NS_ASSERTIONS = NO;
				ENABLE_STRICT_OBJC_MSGSEND = YES;
				GCC_C_LANGUAGE_STANDARD = gnu11;
				GCC_NO_COMMON_BLOCKS = YES;
				GCC_WARN_64_TO_32_BIT_CONVERSION = YES;
				GCC_WARN_ABOUT_RETURN_TYPE = YES_ERROR;
				GCC_WARN_UNDECLARED_SELECTOR = YES;
				GCC_WARN_UNINITIALIZED_AUTOS = YES_AGGRESSIVE;
				GCC_WARN_UNUSED_FUNCTION = YES;
				GCC_WARN_UNUSED_VARIABLE = YES;
				IPHONEOS_DEPLOYMENT_TARGET = 16.0;
				MTL_ENABLE_DEBUG_INFO = NO;
				MTL_FAST_MATH = YES;
				SDKROOT = iphoneos;
				SWIFT_COMPILATION_MODE = wholemodule;
				SWIFT_OPTIMIZATION_LEVEL = "-O";
				VALIDATE_PRODUCT = YES;
			};
			name = Release;
		};
		843F7BB82D4CCB000071A680 /* Debug */ = {
			isa = XCBuildConfiguration;
			buildSettings = {
				ASSETCATALOG_COMPILER_APPICON_NAME = AppIcon;
				ASSETCATALOG_COMPILER_GLOBAL_ACCENT_COLOR_NAME = AccentColor;
				CODE_SIGN_STYLE = Automatic;
				CURRENT_PROJECT_VERSION = 1;
				DEVELOPMENT_ASSET_PATHS = "\"OfflineNotes/Preview Content\"";
				ENABLE_PREVIEWS = YES;
				GENERATE_INFOPLIST_FILE = YES;
				INFOPLIST_KEY_UIApplicationSceneManifest_Generation = YES;
				INFOPLIST_KEY_UIApplicationSupportsIndirectInputEvents = YES;
				INFOPLIST_KEY_UILaunchScreen_Generation = YES;
				INFOPLIST_KEY_UISupportedInterfaceOrientations_iPad = "UIInterfaceOrientationPortrait UIInterfaceOrientationPortraitUpsideDown UIInterfaceOrientationLandscapeLeft UIInterfaceOrientationLandscapeRight";
				INFOPLIST_KEY_UISupportedInterfaceOrientations_iPhone = "UIInterfaceOrientationPortrait UIInterfaceOrientationLandscapeLeft UIInterfaceOrientationLandscapeRight";
				LD_RUNPATH_SEARCH_PATHS = (
					"$(inherited)",
					"@executable_path/Frameworks",
				);
				MARKETING_VERSION = 1.0;
				PRODUCT_BUNDLE_IDENTIFIER = com.example.sampleapp.OfflineNotes;
				PRODUCT_NAME = "$(TARGET_NAME)";
				SWIFT_EMIT_LOC_STRINGS = YES;
				SWIFT_VERSION = 5.0;
				TARGETED_DEVICE_FAMILY = "1,2";
			};
			name = Debug;
		};
		843F7BB92D4CCB000071A680 /* Release */ = {
			isa = XCBuildConfiguration;
			buildSettings = {
				ASSETCATALOG_COMPILER_APPICON_NAME = AppIcon;
				ASSETCATALOG_COMPILER_GLOBAL_ACCENT_COLOR_NAME = AccentColor;
				CODE_SIGN_STYLE = Automatic;
				CURRENT_PROJECT_VERSION = 1;
				DEVELOPMENT_ASSET_PATHS = "\"OfflineNotes/Preview Content\"";
				ENABLE_PREVIEWS = YES;
				GENERATE_INFOPLIST_FILE = YES;
				INFOPLIST_KEY_UIApplicationSceneManifest_Generation = YES;
				INFOPLIST_KEY_UIApplicationSupportsIndirectInputEvents = YES;
				INFOPLIST_KEY_UILaunchScreen_Generation = YES;
				INFOPLIST_KEY_UISupportedInterfaceOrientations_iPad = "UIInterfaceOrientationPortrait UIInterfaceOrientationPortraitUpsideDown UIInterfaceOrientationLandscapeLeft UIInterfaceOrientationLandscapeRight";
				INFOPLIST_KEY_UISupportedInterfaceOrientations_iPhone = "UIInterfaceOrientationPortrait UIInterfaceOrientationLandscapeLeft UIInterfaceOrientationLandscapeRight";
				LD_RUNPATH_SEARCH_PATHS = (
					"$(inherited)",
					"@executable_path/Frameworks",
				);
				MARKETING_VERSION = 1.0;
				PRODUCT_BUNDLE_IDENTIFIER = com.example.sampleapp.OfflineNotes;
				PRODUCT_NAME = "$(TARGET_NAME)";
				SWIFT_EMIT_LOC_STRINGS = YES;
				SWIFT_VERSION = 5.0;
				TARGETED_DEVICE_FAMILY = "1,2";
			};
			name = Release;
		};
		843F7BBB2D4CCB000071A680 /* Debug */ = {
			isa = XCBuildConfiguration;
			buildSettings = {
				ALWAYS_EMBED_SWIFT_STANDARD_LIBRARIES = YES;
				BUNDLE_LOADER = "$(TEST_HOST)";
				CODE_SIGN_STYLE = Automatic;
				CURRENT_PROJECT_VERSION = 1;
				GENERATE_INFOPLIST_FILE = YES;
				IPHONEOS_DEPLOYMENT_TARGET = 16.0;
				MARKETING_VERSION = 1.0;
				PRODUCT_BUNDLE_IDENTIFIER = com.example.sampleapp.OfflineNotesTests;
				PRODUCT_NAME = "$(TARGET_NAME)";
				SWIFT_EMIT_LOC_STRINGS = NO;
				SWIFT_VERSION = 5.0;
				TARGETED_DEVICE_FAMILY = "1,2";
				TEST_HOST = "$(BUILT_PRODUCTS_DIR)/OfflineNotes.app/$(BUNDLE_EXECUTABLE_FOLDER_PATH)/OfflineNotes";
			};
			name = Debug;
		};
		843F7BBC2D4CCB000071A680 /* Release */ = {
			isa = XCBuildConfiguration;
			buildSettings = {
				ALWAYS_EMBED_SWIFT_STANDARD_LIBRARIES = YES;
				BUNDLE_LOADER = "$(TEST_HOST)";
				CODE_SIGN_STYLE = Automatic;
				CURRENT_PROJECT_VERSION = 1;
				GENERATE_INFOPLIST_FILE = YES;
				IPHONEOS_DEPLOYMENT_TARGET = 16.0;
				MARKETING_VERSION = 1.0;
				PRODUCT_BUNDLE_IDENTIFIER = com.example.sampleapp.OfflineNotesTests;
				PRODUCT_NAME = "$(TARGET_NAME)";
				SWIFT_EMIT_LOC_STRINGS = NO;
				SWIFT_VERSION = 5.0;
				TARGETED_DEVICE_FAMILY = "1,2";
				TEST_HOST = "$(BUILT_PRODUCTS_DIR)/OfflineNotes.app/$(BUNDLE_EXECUTABLE_FOLDER_PATH)/OfflineNotes";
			};
			name = Release;
		};
		843F7BBE2D4CCB000071A680 /* Debug */ = {
			isa = XCBuildConfiguration;
			buildSettings = {
				ALWAYS_EMBED_SWIFT_STANDARD_LIBRARIES = YES;
				CODE_SIGN_STYLE = Automatic;
				CURRENT_PROJECT_VERSION = 1;
				GENERATE_INFOPLIST_FILE = YES;
				MARKETING_VERSION = 1.0;
				PRODUCT_BUNDLE_IDENTIFIER = com.example.sampleapp.OfflineNotesUITests;
				PRODUCT_NAME = "$(TARGET_NAME)";
				SWIFT_EMIT_LOC_STRINGS = NO;
				SWIFT_VERSION = 5.0;
				TARGETED_DEVICE_FAMILY = "1,2";
				TEST_TARGET_NAME = OfflineNotes;
			};
			name = Debug;
		};
		843F7BBF2D4CCB000071A680 /* Release */ = {
			isa = XCBuildConfiguration;
			buildSettings = {
				ALWAYS_EMBED_SWIFT_STANDARD_LIBRARIES = YES;
				CODE_SIGN_STYLE = Automatic;
				CURRENT_PROJECT_VERSION = 1;
				GENERATE_INFOPLIST_FILE = YES;
				MARKETING_VERSION = 1.0;
				PRODUCT_BUNDLE_IDENTIFIER = com.example.sampleapp.OfflineNotesUITests;
				PRODUCT_NAME = "$(TARGET_NAME)";
				SWIFT_EMIT_LOC_STRINGS = NO;
				SWIFT_VERSION = 5.0;
				TARGETED_DEVICE_FAMILY = "1,2";
				TEST_TARGET_NAME = OfflineNotes;
			};
			name = Release;
		};
/* End XCBuildConfiguration section */

/* Begin XCConfigurationList section */
		843F7B8E2D4CCAFD0071A680 /* Build configuration list for PBXProject "OfflineNotes" */ = {
			isa = XCConfigurationList;
			buildConfigurations = (
				843F7BB52D4CCB000071A680 /* Debug */,
				843F7BB62D4CCB000071A680 /* Release */,
			);
			defaultConfigurationIsVisible = 0;
			defaultConfigurationName = Release;
		};
		843F7BB72D4CCB000071A680 /* Build configuration list for PBXNativeTarget "OfflineNotes" */ = {
			isa = XCConfigurationList;
			buildConfigurations = (
				843F7BB82D4CCB000071A680 /* Debug */,
				843F7BB92D4CCB000071A680 /* Release */,
			);
			defaultConfigurationIsVisible = 0;
			defaultConfigurationName = Release;
		};
		843F7BBA2D4CCB000071A680 /* Build configuration list for PBXNativeTarget "OfflineNotesTests" */ = {
			isa = XCConfigurationList;
			buildConfigurations = (
				843F7BBB2D4CCB000071A680 /* Debug */,
				843F7BBC2D4CCB000071A680 /* Release */,
			);
			defaultConfigurationIsVisible = 0;
			defaultConfigurationName = Release;
		};
		843F7BBD2D4CCB000071A680 /* Build configuration list for PBXNativeTarget "OfflineNotesUITests" */ = {
			isa = XCConfigurationList;
			buildConfigurations = (
				843F7BBE2D4CCB000071A680 /* Debug */,
				843F7BBF2D4CCB000071A680 /* Release */,
			);
			defaultConfigurationIsVisible = 0;
			defaultConfigurationName = Release;
		};
/* End XCConfigurationList section */

/* Begin XCVersionGroup section */
		843F7BC02D4CCBE50071A680 /* OfflineNotes.xcdatamodeld */ = {
			isa = XCVersionGroup;
			children = (
				843F7BC12D4CCBE50071A680 /* OfflineNotes.xcdatamodel */,
			);
			currentVersion = 843F7BC12D4CCBE50071A680 /* OfflineNotes.xcdatamodel */;
			path = OfflineNotes.xcdatamodeld;
			sourceTree = "<group>";
			versionGroupType = wrapper.xcdatamodel;
		};
/* End XCVersionGroup section */
	};
	rootObject = 843F7B8B2D4CCAFD0071A680 /* Project object */;
}
